// !$*UTF8*$!
{
	archiveVersion = 1;
	classes = {
	};
	objectVersion = 56;
	objects = {

/* Begin PBXBuildFile section */
		064BD17056F0DC1F50234302 /* DiscoveryUtilities.swift in Sources */ = {isa = PBXBuildFile; fileRef = C4AFB510EE0B954EF3D5B6B0 /* DiscoveryUtilities.swift */; };
		0815C6D2A502FC0606C1769B /* TaskComplexityAnalyzer.swift in Sources */ = {isa = PBXBuildFile; fileRef = F17DB4CD263B9D9CF1CD94EA /* TaskComplexityAnalyzer.swift */; };
		09B9F7D160CF8F8E3E641320 /* MenuBarManager.swift in Sources */ = {isa = PBXBuildFile; fileRef = E52D5EAA2C5B1A2000000001 /* MenuBarManager.swift */; };
		11433C6662CF22C2442E694F /* UserPreferenceLearningEngine.swift in Sources */ = {isa = PBXBuildFile; fileRef = 0CA9D3FF01831270CCEF86C1 /* UserPreferenceLearningEngine.swift */; };
		12A56A81042AD0D8BA77269A /* CacheModels.swift in Sources */ = {isa = PBXBuildFile; fileRef = E8AACD4F69E14A2094F75C24 /* CacheModels.swift */; };
		18B0A87BFE92C7BB0A1FA8B2 /* ServiceManager.swift in Sources */ = {isa = PBXBuildFile; fileRef = E52D5EAC2C5B1A3000000001 /* ServiceManager.swift */; };
		18BE3CE120195BEC5256EE71 /* ModelIndexer.swift in Sources */ = {isa = PBXBuildFile; fileRef = BC491DEF9898ADCE6D56090B /* ModelIndexer.swift */; };
		2589958B9545AB7993941D3C /* ChatbotInterface.swift in Sources */ = {isa = PBXBuildFile; fileRef = 93985127131B7311DC7F6949 /* ChatbotInterface.swift */; };
		29C57F459F13A61D1C69BEB2 /* MLACSCacheIntegration.swift in Sources */ = {isa = PBXBuildFile; fileRef = E9FB404C5CCEE3DC309BF5B0 /* MLACSCacheIntegration.swift */; };
		2C8A1EBE46BECCAB86013B1F /* OnboardingManager.swift in Sources */ = {isa = PBXBuildFile; fileRef = 1E0E21B31F40D829BD0C70CD /* OnboardingManager.swift */; };
		2DAF396FDA6B49BA3EC43F7E /* SystemPerformanceProfiler.swift in Sources */ = {isa = PBXBuildFile; fileRef = 2BE012A1ECF8BF796BD5DD3F /* SystemPerformanceProfiler.swift */; };
		2E37EED5BBE4D3370163E2E8 /* ProviderScanner.swift in Sources */ = {isa = PBXBuildFile; fileRef = 966368E3DA93E48C7D2A4763 /* ProviderScanner.swift */; };
		2E9E144DE3EBB8B1720DF3F8 /* IntelligentRecommendationExtensions.swift in Sources */ = {isa = PBXBuildFile; fileRef = D742D5F52F8EACCC5CE26F5C /* IntelligentRecommendationExtensions.swift */; };
		31B5930042D03A733D103695 /* ModelRecommendationEngine.swift in Sources */ = {isa = PBXBuildFile; fileRef = C4DD40D117B683DCEA5D42E2 /* ModelRecommendationEngine.swift */; };
		387572403FD6D35DD0B1A7FA /* CacheSecurityManager.swift in Sources */ = {isa = PBXBuildFile; fileRef = 7289D3675A911156AF6453E1 /* CacheSecurityManager.swift */; };
		392086C35D8AE6B109B6B6E9 /* ModelDiscoveryDashboard.swift in Sources */ = {isa = PBXBuildFile; fileRef = 073BF57D31A730DAFBBA5C2A /* ModelDiscoveryDashboard.swift */; };
		3A8477E7A41EAD8AC5BA5BBA /* MLACSCoordinator.swift in Sources */ = {isa = PBXBuildFile; fileRef = CFCCE5DAAFEEA82D805173D1 /* MLACSCoordinator.swift */; };
		3B61A7A3F4A77DADB7E7CDF6 /* RecommendationCacheManager.swift in Sources */ = {isa = PBXBuildFile; fileRef = 081516581448DE9A2594E98C /* RecommendationCacheManager.swift */; };
		3DD8C58BBDB9DCBACD2E0FBF /* RecommendationFeedbackView.swift in Sources */ = {isa = PBXBuildFile; fileRef = 2C1712A9B8714DF309F31D31 /* RecommendationFeedbackView.swift */; };
		3E0ECE7689D3352F71EB86E7 /* ChatbotModels.swift in Sources */ = {isa = PBXBuildFile; fileRef = 080422F1FE12C03B0F68390C /* ChatbotModels.swift */; };
		3F8C352EEEA90929287D91BC /* DiscoveryPerformanceProfiler.swift in Sources */ = {isa = PBXBuildFile; fileRef = F3B4ADB46A1C341C67BA795C /* DiscoveryPerformanceProfiler.swift */; };
		3FF713418E7D2D97A39E56E7 /* ModelWeightCacheManager.swift in Sources */ = {isa = PBXBuildFile; fileRef = B41120ABF754FD73F0280C85 /* ModelWeightCacheManager.swift */; };
		4193CC2B834AD3C3DFA982C8 /* ComputationResultCache.swift in Sources */ = {isa = PBXBuildFile; fileRef = 8F4698754EF4C9E3D7463B9C /* ComputationResultCache.swift */; };
		42AF5A237896244DF66BDBF9 /* ModelRecommendationEngine.swift in Sources */ = {isa = PBXBuildFile; fileRef = 6513907F51FAE4CAA49B92A9 /* ModelRecommendationEngine.swift */; };
		452A3DB37824497DEC63FC65 /* CacheCompressionEngine.swift in Sources */ = {isa = PBXBuildFile; fileRef = BF1B9473FD9FA4D2B876DD55 /* CacheCompressionEngine.swift */; };
		480C593223CE4B147EBF53D1 /* ModelRegistryManager.swift in Sources */ = {isa = PBXBuildFile; fileRef = 56130ED6FEC18AED6AC47CA2 /* ModelRegistryManager.swift */; };
		4835D63E180A1D714B1220F9 /* IntelligentModelCompatibilityAnalyzer.swift in Sources */ = {isa = PBXBuildFile; fileRef = A37A1A8799EF7E6BA311A597 /* IntelligentModelCompatibilityAnalyzer.swift */; };
		489606D9F8E1E1ABFA46FA03 /* ModelDiscoveryEngine.swift in Sources */ = {isa = PBXBuildFile; fileRef = F7BC27E3B6C95D88131871DF /* ModelDiscoveryEngine.swift */; };
		4E0D908345EB51406E6FD612 /* DiscoveryModels.swift in Sources */ = {isa = PBXBuildFile; fileRef = E9002086A9C1FD6AFED80126 /* DiscoveryModels.swift */; };
		51B74DBFA962B3AE62E844EB /* CacheWarmingSystem.swift in Sources */ = {isa = PBXBuildFile; fileRef = AFB712E3E92513E53208EA6D /* CacheWarmingSystem.swift */; };
		55C008E31556E2807C6AF005 /* OnboardingFlow.swift in Sources */ = {isa = PBXBuildFile; fileRef = ECCA9E010EA3B05A2071AF7E /* OnboardingFlow.swift */; };
		57807247B3216E5BCC49AACD /* AdaptiveRecommendationUpdater.swift in Sources */ = {isa = PBXBuildFile; fileRef = 1C3A8B6EB892DE6CB5A940D8 /* AdaptiveRecommendationUpdater.swift */; };
		59DE0567477CC0EC55D7DB64 /* DynamicModelDiscoveryEngine.swift in Sources */ = {isa = PBXBuildFile; fileRef = 8252411AC8B392AB38806DF9 /* DynamicModelDiscoveryEngine.swift */; };
		5A54076CDF1D33DB5AF0D3C5 /* SystemPerformanceAnalyticsDashboard.swift in Sources */ = {isa = PBXBuildFile; fileRef = D89F4A472223E28AEDB3C966 /* SystemPerformanceAnalyticsDashboard.swift */; };
		62F7D9D174E1A82DAB8D1549 /* PerformancePredictionView.swift in Sources */ = {isa = PBXBuildFile; fileRef = B3E7317DF87D9222CF3FB917 /* PerformancePredictionView.swift */; };
		63B54B7B9DD5E3BFDCE690FB /* DiscoverySettingsView.swift in Sources */ = {isa = PBXBuildFile; fileRef = 6479B1C99BA0C0DDD51C6035 /* DiscoverySettingsView.swift */; };
		6499E20014D9790AF411F9FB /* ModelDiscoveryDashboard.swift in Sources */ = {isa = PBXBuildFile; fileRef = B33D008CE8F5BBA8869B7193 /* ModelDiscoveryDashboard.swift */; };
		6B87E50F8E5636B1F22B003B /* MLACSInfoDissemination.swift in Sources */ = {isa = PBXBuildFile; fileRef = 1808B4C669A9CF60A8F96D99 /* MLACSInfoDissemination.swift */; };
		7A21DE93581CD3772F4839C6 /* CacheStorageOptimizer.swift in Sources */ = {isa = PBXBuildFile; fileRef = 893B832D5EB21470A15816D9 /* CacheStorageOptimizer.swift */; };
		7BA6B167019402C2C79FB304 /* ModelValidator.swift in Sources */ = {isa = PBXBuildFile; fileRef = B746A178165EEA23E9C98289 /* ModelValidator.swift */; };
		7E7C7E36E94574789805C8FC /* RecommendationView.swift in Sources */ = {isa = PBXBuildFile; fileRef = F0D425A89F7F6FBDF4F5028C /* RecommendationView.swift */; };
		80655D79B0DDAF370C739DA7 /* DynamicModelDiscoveryView.swift in Sources */ = {isa = PBXBuildFile; fileRef = A13CAD65AC902B11FEA4560A /* DynamicModelDiscoveryView.swift */; };
		80942592182DB0C00197D772 /* IntermediateActivationCache.swift in Sources */ = {isa = PBXBuildFile; fileRef = 2CD93C9215C4DC952FF8439C /* IntermediateActivationCache.swift */; };
		87F4DB94A60985F03E9B8B68 /* FeedbackLearningSystem.swift in Sources */ = {isa = PBXBuildFile; fileRef = 8EDE0EA2866276A08B80ADA0 /* FeedbackLearningSystem.swift */; };
		8FC610B6BA5AEFDA1F92C520 /* MLACSEnhancedInterface.swift in Sources */ = {isa = PBXBuildFile; fileRef = 8F71DD8F391F27FD0C32A184 /* MLACSEnhancedInterface.swift */; };
		8FC6CEC5B0FDC426EA0C3BF2 /* MLIntegrationUtilities.swift in Sources */ = {isa = PBXBuildFile; fileRef = ADE6ABFD233E2F6CE566E41F /* MLIntegrationUtilities.swift */; };
		90E9A29DDDA9EC0A4A9FDF80 /* ContextAwareRecommender.swift in Sources */ = {isa = PBXBuildFile; fileRef = CEBFCFF61FBA140E29A68358 /* ContextAwareRecommender.swift */; };
		9A7C4C2836DB6AB46E63AA22 /* TaskAnalysisView.swift in Sources */ = {isa = PBXBuildFile; fileRef = 85F20356C884581CFD806C39 /* TaskAnalysisView.swift */; };
		9AFC34DB813093CCC859B900 /* CachePerformanceAnalytics.swift in Sources */ = {isa = PBXBuildFile; fileRef = A7C58DD53D06B1B007F2A644 /* CachePerformanceAnalytics.swift */; };
		A2D65AF5BBB3D3CB5A5CD194 /* CacheConfigurationView.swift in Sources */ = {isa = PBXBuildFile; fileRef = 08E828E72F8A9F5F4EEB4433 /* CacheConfigurationView.swift */; };
		A3A333F9079BA4F8E8C2BC17 /* UserPreferenceConfigurationView.swift in Sources */ = {isa = PBXBuildFile; fileRef = EA76EAC5562F5BF5F4A3B771 /* UserPreferenceConfigurationView.swift */; };
		A8066C7305F69FAAD8FC502A /* CrossModelSharedParameterDetector.swift in Sources */ = {isa = PBXBuildFile; fileRef = FFAE1EFB57890C89177163ED /* CrossModelSharedParameterDetector.swift */; };
		A809EE216252BD02035D57A1 /* RecommendationExplanationView.swift in Sources */ = {isa = PBXBuildFile; fileRef = 3344F9D55EC25B4C77A465FC /* RecommendationExplanationView.swift */; };
		AA447F6A3F81084C64DF2576 /* DiscoveryScheduler.swift in Sources */ = {isa = PBXBuildFile; fileRef = 410B86CAD7DBF14D9B27ED67 /* DiscoveryScheduler.swift */; };
		AA7883F614335A7C69DFCD67 /* ModelPerformancePredictor.swift in Sources */ = {isa = PBXBuildFile; fileRef = 48E878F7A81678380FDE05F7 /* ModelPerformancePredictor.swift */; };
		B34CC13A086ABA479BE7CA81 /* ModelBrowserView.swift in Sources */ = {isa = PBXBuildFile; fileRef = E35DD4E1889D935A1906B947 /* ModelBrowserView.swift */; };
		B37FAD6A2C72981665C72F2C /* ProductionComponents.swift in Sources */ = {isa = PBXBuildFile; fileRef = 64D38A0144E1C48B8A7DB140 /* ProductionComponents.swift */; };
		B5684E88A762D163076E946E /* MLACSInfoFlowView.swift in Sources */ = {isa = PBXBuildFile; fileRef = D6118BBFDC6201C0E76B585A /* MLACSInfoFlowView.swift */; };
		B8ADFC8E1CF1F23953DB1D18 /* RecommendationExplanationEngine.swift in Sources */ = {isa = PBXBuildFile; fileRef = C1B1EE66778A7C853643DD2A /* RecommendationExplanationEngine.swift */; };
		BE460027F4D64F73D4FA00A3 /* IntelligentRecommendationDashboard.swift in Sources */ = {isa = PBXBuildFile; fileRef = C6E641C2EDEDBE2AA271A02C /* IntelligentRecommendationDashboard.swift */; };
		C485A85440F8A6E1BA6554CF /* RecommendationGenerationEngine.swift in Sources */ = {isa = PBXBuildFile; fileRef = DBBE998A00F3FF9DF4CFA3B4 /* RecommendationGenerationEngine.swift */; };
		C8267D35B878AC56E8FE55F6 /* CacheManagementDashboard.swift in Sources */ = {isa = PBXBuildFile; fileRef = 5EAFE4DABD1821627BB36306 /* CacheManagementDashboard.swift */; };
		D1B402E7293BF8C5F8E84C8E /* IntelligentRecommendationModels.swift in Sources */ = {isa = PBXBuildFile; fileRef = 69BC9A1D8C92737C6C2C627C /* IntelligentRecommendationModels.swift */; };
		DDE14F9EDCDA4C38594C88FB /* CompatibilityAnalyzer.swift in Sources */ = {isa = PBXBuildFile; fileRef = 02215942423DBAF3CAC629DD /* CompatibilityAnalyzer.swift */; };
		DFB65CCA9EF7C1FAAAB10AAB /* CacheAnalyticsView.swift in Sources */ = {isa = PBXBuildFile; fileRef = D8EDDA72EF68F3DEA4EF9414 /* CacheAnalyticsView.swift */; };
		E52D5E9A2C5B1A0000000001 /* AgenticSeekApp.swift in Sources */ = {isa = PBXBuildFile; fileRef = E52D5E992C5B1A0000000001 /* AgenticSeekApp.swift */; };
		E52D5E9C2C5B1A0000000001 /* ContentView.swift in Sources */ = {isa = PBXBuildFile; fileRef = E52D5E9B2C5B1A0000000001 /* ContentView.swift */; };
		E52D5E9E2C5B1A0000000001 /* Assets.xcassets in Resources */ = {isa = PBXBuildFile; fileRef = E52D5E9D2C5B1A0000000001 /* Assets.xcassets */; };
		E52D5EA12C5B1A0000000001 /* Preview Assets.xcassets in Resources */ = {isa = PBXBuildFile; fileRef = E52D5EA02C5B1A0000000001 /* Preview Assets.xcassets */; };
		E5F2F58C83D969D83A4AC0B5 /* CacheEvictionEngine.swift in Sources */ = {isa = PBXBuildFile; fileRef = 631277E90508FB84BD209F2D /* CacheEvictionEngine.swift */; };
		E6E396F5A2E085E30EA93EDE /* DiscoveryExtensions.swift in Sources */ = {isa = PBXBuildFile; fileRef = 758C31B94B552D2AEA8F3F83 /* DiscoveryExtensions.swift */; };
		E82362CF65439A7272F56920 /* ModelDiscoveryEngine.swift in Sources */ = {isa = PBXBuildFile; fileRef = 8DC468119E08E75820546769 /* ModelDiscoveryEngine.swift */; };
		F1619F514DB943275783153D /* CapabilityDetector.swift in Sources */ = {isa = PBXBuildFile; fileRef = C1B2E0473A2B4CD0227CC87B /* CapabilityDetector.swift */; };
		F87C2D5B96AD9E9EA1202592 /* QualityPerformanceOptimizer.swift in Sources */ = {isa = PBXBuildFile; fileRef = 32043DB203BD358CAFF51CD0 /* QualityPerformanceOptimizer.swift */; };
		FC069B5F2C61921300F29B85 /* DesignSystem.swift in Sources */ = {isa = PBXBuildFile; fileRef = FC069B5E2C61921300F29B85 /* DesignSystem.swift */; };
		FC069B612C61921300F29B85 /* Strings.swift in Sources */ = {isa = PBXBuildFile; fileRef = FC069B602C61921300F29B85 /* Strings.swift */; };
		FD5189EDB2DA5513111DBCD5 /* HardwareCapabilityProfiler.swift in Sources */ = {isa = PBXBuildFile; fileRef = 2255D9D0E3269F8197F6A6E6 /* HardwareCapabilityProfiler.swift */; };
/* End PBXBuildFile section */

/* Begin PBXFileReference section */
		010961EED4401BF6B6E6C6D1 /* AuthenticationManager.swift */ = {isa = PBXFileReference; includeInIndex = 1; lastKnownFileType = sourcecode.swift; path = AuthenticationManager.swift; sourceTree = "<group>"; };
		02215942423DBAF3CAC629DD /* CompatibilityAnalyzer.swift */ = {isa = PBXFileReference; includeInIndex = 1; lastKnownFileType = sourcecode.swift; name = CompatibilityAnalyzer.swift; path = AgenticSeek/RealtimeModelDiscovery/Core/CompatibilityAnalyzer.swift; sourceTree = "<group>"; };
		073BF57D31A730DAFBBA5C2A /* ModelDiscoveryDashboard.swift */ = {isa = PBXFileReference; includeInIndex = 1; lastKnownFileType = sourcecode.swift; name = ModelDiscoveryDashboard.swift; path = AgenticSeek/RealtimeModelDiscovery/Views/ModelDiscoveryDashboard.swift; sourceTree = "<group>"; };
		080422F1FE12C03B0F68390C /* ChatbotModels.swift */ = {isa = PBXFileReference; includeInIndex = 1; lastKnownFileType = sourcecode.swift; path = ChatbotModels.swift; sourceTree = "<group>"; };
		081516581448DE9A2594E98C /* RecommendationCacheManager.swift */ = {isa = PBXFileReference; includeInIndex = 1; lastKnownFileType = sourcecode.swift; name = RecommendationCacheManager.swift; path = AgenticSeek/IntelligentModelRecommendations/Core/RecommendationCacheManager.swift; sourceTree = "<group>"; };
		08E828E72F8A9F5F4EEB4433 /* CacheConfigurationView.swift */ = {isa = PBXFileReference; includeInIndex = 1; lastKnownFileType = sourcecode.swift; name = CacheConfigurationView.swift; path = AgenticSeek/LocalModelCacheManagement/Views/CacheConfigurationView.swift; sourceTree = "<group>"; };
		0CA9D3FF01831270CCEF86C1 /* UserPreferenceLearningEngine.swift */ = {isa = PBXFileReference; includeInIndex = 1; lastKnownFileType = sourcecode.swift; name = UserPreferenceLearningEngine.swift; path = AgenticSeek/IntelligentModelRecommendations/Core/UserPreferenceLearningEngine.swift; sourceTree = "<group>"; };
		0F35C989B045033739746997 /* IntermediateActivationCacheTest.swift */ = {isa = PBXFileReference; includeInIndex = 1; lastKnownFileType = sourcecode.swift; name = IntermediateActivationCacheTest.swift; path = AgenticSeek/LocalModelCacheManagement/Tests/IntermediateActivationCacheTest.swift; sourceTree = "<group>"; };
		101901F7E5AF1370AEDF6D8C /* TieredAgentCoordinatorTest.swift */ = {isa = PBXFileReference; includeInIndex = 1; lastKnownFileType = sourcecode.swift; name = TieredAgentCoordinatorTest.swift; path = TieredAgentCoordinatorTest.swift; sourceTree = "<group>"; };
		12CEEA9AAB3EF9451E1E4E47 /* SpeculativeDecodingCoordinator.swift */ = {isa = PBXFileReference; includeInIndex = 1; lastKnownFileType = sourcecode.swift; path = SpeculativeDecodingCoordinator.swift; sourceTree = "<group>"; };
		1507DABAB2339FFBB5C5CA29 /* PerformanceOptimizedComponents.swift */ = {isa = PBXFileReference; includeInIndex = 1; lastKnownFileType = sourcecode.swift; path = PerformanceOptimizedComponents.swift; sourceTree = "<group>"; };
		168E1038C9E61ACB5545A560 /* VoiceAICore.swift */ = {isa = PBXFileReference; includeInIndex = 1; lastKnownFileType = sourcecode.swift; path = VoiceAICore.swift; sourceTree = "<group>"; };
		16EE81D2640FBA24ABE31174 /* CacheAnalyticsViewTest.swift */ = {isa = PBXFileReference; includeInIndex = 1; lastKnownFileType = sourcecode.swift; name = CacheAnalyticsViewTest.swift; path = AgenticSeek/LocalModelCacheManagement/Tests/CacheAnalyticsViewTest.swift; sourceTree = "<group>"; };
		1808B4C669A9CF60A8F96D99 /* MLACSInfoDissemination.swift */ = {isa = PBXFileReference; includeInIndex = 1; lastKnownFileType = sourcecode.swift; path = MLACSInfoDissemination.swift; sourceTree = "<group>"; };
		1C3A8B6EB892DE6CB5A940D8 /* AdaptiveRecommendationUpdater.swift */ = {isa = PBXFileReference; includeInIndex = 1; lastKnownFileType = sourcecode.swift; name = AdaptiveRecommendationUpdater.swift; path = AgenticSeek/IntelligentModelRecommendations/Core/AdaptiveRecommendationUpdater.swift; sourceTree = "<group>"; };
		1E0E21B31F40D829BD0C70CD /* OnboardingManager.swift */ = {isa = PBXFileReference; includeInIndex = 1; lastKnownFileType = sourcecode.swift; path = OnboardingManager.swift; sourceTree = "<group>"; };
		1F9C2BFB147B62CCEAA84BDE /* CacheSecurityManagerTest.swift */ = {isa = PBXFileReference; includeInIndex = 1; lastKnownFileType = sourcecode.swift; name = CacheSecurityManagerTest.swift; path = AgenticSeek/LocalModelCacheManagement/Tests/CacheSecurityManagerTest.swift; sourceTree = "<group>"; };
		2255D9D0E3269F8197F6A6E6 /* HardwareCapabilityProfiler.swift */ = {isa = PBXFileReference; includeInIndex = 1; lastKnownFileType = sourcecode.swift; name = HardwareCapabilityProfiler.swift; path = AgenticSeek/IntelligentModelRecommendations/Core/HardwareCapabilityProfiler.swift; sourceTree = "<group>"; };
		2BE012A1ECF8BF796BD5DD3F /* SystemPerformanceProfiler.swift */ = {isa = PBXFileReference; includeInIndex = 1; lastKnownFileType = sourcecode.swift; name = SystemPerformanceProfiler.swift; path = AgenticSeek/SystemPerformanceAnalysis/Core/SystemPerformanceProfiler.swift; sourceTree = "<group>"; };
		2C1712A9B8714DF309F31D31 /* RecommendationFeedbackView.swift */ = {isa = PBXFileReference; includeInIndex = 1; lastKnownFileType = sourcecode.swift; name = RecommendationFeedbackView.swift; path = AgenticSeek/IntelligentModelRecommendations/Views/RecommendationFeedbackView.swift; sourceTree = "<group>"; };
		2CD93C9215C4DC952FF8439C /* IntermediateActivationCache.swift */ = {isa = PBXFileReference; includeInIndex = 1; lastKnownFileType = sourcecode.swift; name = IntermediateActivationCache.swift; path = AgenticSeek/LocalModelCacheManagement/Core/IntermediateActivationCache.swift; sourceTree = "<group>"; };
		2EEC36856A39252DB5464A72 /* UsageAnalyticsViewTest.swift */ = {isa = PBXFileReference; includeInIndex = 1; lastKnownFileType = sourcecode.swift; name = UsageAnalyticsViewTest.swift; path = UsageAnalyticsViewTest.swift; sourceTree = "<group>"; };
		32043DB203BD358CAFF51CD0 /* QualityPerformanceOptimizer.swift */ = {isa = PBXFileReference; includeInIndex = 1; lastKnownFileType = sourcecode.swift; name = QualityPerformanceOptimizer.swift; path = AgenticSeek/IntelligentModelRecommendations/Core/QualityPerformanceOptimizer.swift; sourceTree = "<group>"; };
		3344F9D55EC25B4C77A465FC /* RecommendationExplanationView.swift */ = {isa = PBXFileReference; includeInIndex = 1; lastKnownFileType = sourcecode.swift; name = RecommendationExplanationView.swift; path = AgenticSeek/IntelligentModelRecommendations/Views/RecommendationExplanationView.swift; sourceTree = "<group>"; };
		33F3465FC2B55E47AB3A59E8 /* CacheManagementDashboardTest.swift */ = {isa = PBXFileReference; includeInIndex = 1; lastKnownFileType = sourcecode.swift; name = CacheManagementDashboardTest.swift; path = AgenticSeek/LocalModelCacheManagement/Tests/CacheManagementDashboardTest.swift; sourceTree = "<group>"; };
		3D5555106A46AFD512D6E163 /* CacheWarmingSystemTest.swift */ = {isa = PBXFileReference; includeInIndex = 1; lastKnownFileType = sourcecode.swift; name = CacheWarmingSystemTest.swift; path = AgenticSeek/LocalModelCacheManagement/Tests/CacheWarmingSystemTest.swift; sourceTree = "<group>"; };
		410B86CAD7DBF14D9B27ED67 /* DiscoveryScheduler.swift */ = {isa = PBXFileReference; includeInIndex = 1; lastKnownFileType = sourcecode.swift; name = DiscoveryScheduler.swift; path = AgenticSeek/RealtimeModelDiscovery/Core/DiscoveryScheduler.swift; sourceTree = "<group>"; };
		4364BA1DE994852360841159 /* ComputationResultCacheTest.swift */ = {isa = PBXFileReference; includeInIndex = 1; lastKnownFileType = sourcecode.swift; name = ComputationResultCacheTest.swift; path = AgenticSeek/LocalModelCacheManagement/Tests/ComputationResultCacheTest.swift; sourceTree = "<group>"; };
		45370F70B7EFCAD556DC167B /* RealChatInterface.swift */ = {isa = PBXFileReference; includeInIndex = 1; lastKnownFileType = sourcecode.swift; path = RealChatInterface.swift; sourceTree = "<group>"; };
		48E878F7A81678380FDE05F7 /* ModelPerformancePredictor.swift */ = {isa = PBXFileReference; includeInIndex = 1; lastKnownFileType = sourcecode.swift; name = ModelPerformancePredictor.swift; path = AgenticSeek/IntelligentModelRecommendations/Core/ModelPerformancePredictor.swift; sourceTree = "<group>"; };
		4AC0F215FB15F0DD96E0AAC2 /* MinimalWorkingChatbot.swift */ = {isa = PBXFileReference; includeInIndex = 1; lastKnownFileType = sourcecode.swift; path = MinimalWorkingChatbot.swift; sourceTree = "<group>"; };
		56130ED6FEC18AED6AC47CA2 /* ModelRegistryManager.swift */ = {isa = PBXFileReference; includeInIndex = 1; lastKnownFileType = sourcecode.swift; name = ModelRegistryManager.swift; path = AgenticSeek/RealtimeModelDiscovery/Core/ModelRegistryManager.swift; sourceTree = "<group>"; };
		5765024E71DF640888EF218F /* AppNavigationView.swift */ = {isa = PBXFileReference; includeInIndex = 1; lastKnownFileType = sourcecode.swift; path = AppNavigationView.swift; sourceTree = "<group>"; };
		5EAFE4DABD1821627BB36306 /* CacheManagementDashboard.swift */ = {isa = PBXFileReference; includeInIndex = 1; lastKnownFileType = sourcecode.swift; name = CacheManagementDashboard.swift; path = AgenticSeek/LocalModelCacheManagement/Views/CacheManagementDashboard.swift; sourceTree = "<group>"; };
		60349C39E0B9FD234FAFA562 /* TierConfigurationViewTest.swift */ = {isa = PBXFileReference; includeInIndex = 1; lastKnownFileType = sourcecode.swift; name = TierConfigurationViewTest.swift; path = TierConfigurationViewTest.swift; sourceTree = "<group>"; };
		62326C70DFBC2FCCB1FDA373 /* CacheStorageOptimizerTest.swift */ = {isa = PBXFileReference; includeInIndex = 1; lastKnownFileType = sourcecode.swift; name = CacheStorageOptimizerTest.swift; path = AgenticSeek/LocalModelCacheManagement/Tests/CacheStorageOptimizerTest.swift; sourceTree = "<group>"; };
		631277E90508FB84BD209F2D /* CacheEvictionEngine.swift */ = {isa = PBXFileReference; includeInIndex = 1; lastKnownFileType = sourcecode.swift; name = CacheEvictionEngine.swift; path = AgenticSeek/LocalModelCacheManagement/Core/CacheEvictionEngine.swift; sourceTree = "<group>"; };
		6479B1C99BA0C0DDD51C6035 /* DiscoverySettingsView.swift */ = {isa = PBXFileReference; includeInIndex = 1; lastKnownFileType = sourcecode.swift; name = DiscoverySettingsView.swift; path = AgenticSeek/RealtimeModelDiscovery/Views/DiscoverySettingsView.swift; sourceTree = "<group>"; };
		64D38A0144E1C48B8A7DB140 /* ProductionComponents.swift */ = {isa = PBXFileReference; includeInIndex = 1; lastKnownFileType = sourcecode.swift; path = ProductionComponents.swift; sourceTree = "<group>"; };
		64ED5E3D2C51511230D025C0 /* CrossModelSharedParameterDetectorTest.swift */ = {isa = PBXFileReference; includeInIndex = 1; lastKnownFileType = sourcecode.swift; name = CrossModelSharedParameterDetectorTest.swift; path = AgenticSeek/LocalModelCacheManagement/Tests/CrossModelSharedParameterDetectorTest.swift; sourceTree = "<group>"; };
		6513907F51FAE4CAA49B92A9 /* ModelRecommendationEngine.swift */ = {isa = PBXFileReference; includeInIndex = 1; lastKnownFileType = sourcecode.swift; name = ModelRecommendationEngine.swift; path = AgenticSeek/RealtimeModelDiscovery/Core/ModelRecommendationEngine.swift; sourceTree = "<group>"; };
		69BC9A1D8C92737C6C2C627C /* IntelligentRecommendationModels.swift */ = {isa = PBXFileReference; includeInIndex = 1; lastKnownFileType = sourcecode.swift; name = IntelligentRecommendationModels.swift; path = AgenticSeek/IntelligentModelRecommendations/Core/IntelligentRecommendationModels.swift; sourceTree = "<group>"; };
		6C2C46858A47CA927DF2C9D5 /* VoiceAICore.swift */ = {isa = PBXFileReference; includeInIndex = 1; lastKnownFileType = sourcecode.swift; path = AgenticSeek/Core/VoiceAICore.swift; sourceTree = SOURCE_ROOT; };
		7289D3675A911156AF6453E1 /* CacheSecurityManager.swift */ = {isa = PBXFileReference; includeInIndex = 1; lastKnownFileType = sourcecode.swift; name = CacheSecurityManager.swift; path = AgenticSeek/LocalModelCacheManagement/Core/CacheSecurityManager.swift; sourceTree = "<group>"; };
		72B3B76E7B250DFD4D7F6366 /* PerformanceAnalyticsView.swift */ = {isa = PBXFileReference; includeInIndex = 1; lastKnownFileType = sourcecode.swift; path = PerformanceAnalyticsView.swift; sourceTree = "<group>"; };
		73CAC64EDF6F8112186403E2 /* CacheCompressionEngineTest.swift */ = {isa = PBXFileReference; includeInIndex = 1; lastKnownFileType = sourcecode.swift; name = CacheCompressionEngineTest.swift; path = AgenticSeek/LocalModelCacheManagement/Tests/CacheCompressionEngineTest.swift; sourceTree = "<group>"; };
		758C31B94B552D2AEA8F3F83 /* DiscoveryExtensions.swift */ = {isa = PBXFileReference; includeInIndex = 1; lastKnownFileType = sourcecode.swift; name = DiscoveryExtensions.swift; path = AgenticSeek/RealtimeModelDiscovery/Core/DiscoveryExtensions.swift; sourceTree = "<group>"; };
		763E4737831F8945BE8FDCB2 /* TierUpgradeViewTest.swift */ = {isa = PBXFileReference; includeInIndex = 1; lastKnownFileType = sourcecode.swift; name = TierUpgradeViewTest.swift; path = TierUpgradeViewTest.swift; sourceTree = "<group>"; };
		7D6C3BD71C5E46508CC58B48 /* ModelWeightCacheManagerTest.swift */ = {isa = PBXFileReference; includeInIndex = 1; lastKnownFileType = sourcecode.swift; name = ModelWeightCacheManagerTest.swift; path = AgenticSeek/LocalModelCacheManagement/Tests/ModelWeightCacheManagerTest.swift; sourceTree = "<group>"; };
		7E6CF1DE5BD4D4C9100924AA /* TieredArchitectureIntegrationTest.swift */ = {isa = PBXFileReference; includeInIndex = 1; lastKnownFileType = sourcecode.swift; name = TieredArchitectureIntegrationTest.swift; path = TieredArchitectureIntegrationTest.swift; sourceTree = "<group>"; };
		8252411AC8B392AB38806DF9 /* DynamicModelDiscoveryEngine.swift */ = {isa = PBXFileReference; includeInIndex = 1; lastKnownFileType = sourcecode.swift; name = DynamicModelDiscoveryEngine.swift; path = AgenticSeek/RealtimeModelDiscovery/Core/DynamicModelDiscoveryEngine.swift; sourceTree = "<group>"; };
		833AFE4CF93A0B6DA77B2857 /* AgentLimitEnforcerTest.swift */ = {isa = PBXFileReference; includeInIndex = 1; lastKnownFileType = sourcecode.swift; name = AgentLimitEnforcerTest.swift; path = AgentLimitEnforcerTest.swift; sourceTree = "<group>"; };
		85F20356C884581CFD806C39 /* TaskAnalysisView.swift */ = {isa = PBXFileReference; includeInIndex = 1; lastKnownFileType = sourcecode.swift; name = TaskAnalysisView.swift; path = AgenticSeek/IntelligentModelRecommendations/Views/TaskAnalysisView.swift; sourceTree = "<group>"; };
		880CCB08000607F69036E54C /* ModelSelectionView.swift */ = {isa = PBXFileReference; includeInIndex = 1; lastKnownFileType = sourcecode.swift; path = ModelSelectionView.swift; sourceTree = "<group>"; };
		893B832D5EB21470A15816D9 /* CacheStorageOptimizer.swift */ = {isa = PBXFileReference; includeInIndex = 1; lastKnownFileType = sourcecode.swift; name = CacheStorageOptimizer.swift; path = AgenticSeek/LocalModelCacheManagement/Core/CacheStorageOptimizer.swift; sourceTree = "<group>"; };
		8CD477DD82DD5D44DE7981F0 /* EnhancedContentView.swift */ = {isa = PBXFileReference; includeInIndex = 1; lastKnownFileType = sourcecode.swift; path = EnhancedContentView.swift; sourceTree = "<group>"; };
		8DC468119E08E75820546769 /* ModelDiscoveryEngine.swift */ = {isa = PBXFileReference; includeInIndex = 1; lastKnownFileType = sourcecode.swift; name = ModelDiscoveryEngine.swift; path = AgenticSeek/RealtimeModelDiscovery/Core/ModelDiscoveryEngine.swift; sourceTree = "<group>"; };
		8EDE0EA2866276A08B80ADA0 /* FeedbackLearningSystem.swift */ = {isa = PBXFileReference; includeInIndex = 1; lastKnownFileType = sourcecode.swift; name = FeedbackLearningSystem.swift; path = AgenticSeek/IntelligentModelRecommendations/Core/FeedbackLearningSystem.swift; sourceTree = "<group>"; };
		8F4698754EF4C9E3D7463B9C /* ComputationResultCache.swift */ = {isa = PBXFileReference; includeInIndex = 1; lastKnownFileType = sourcecode.swift; name = ComputationResultCache.swift; path = AgenticSeek/LocalModelCacheManagement/Core/ComputationResultCache.swift; sourceTree = "<group>"; };
		8F71DD8F391F27FD0C32A184 /* MLACSEnhancedInterface.swift */ = {isa = PBXFileReference; includeInIndex = 1; lastKnownFileType = sourcecode.swift; name = MLACSEnhancedInterface.swift; path = MLACSEnhancedInterface.swift; sourceTree = "<group>"; };
		93985127131B7311DC7F6949 /* ChatbotInterface.swift */ = {isa = PBXFileReference; includeInIndex = 1; lastKnownFileType = sourcecode.swift; path = ChatbotInterface.swift; sourceTree = "<group>"; };
		966368E3DA93E48C7D2A4763 /* ProviderScanner.swift */ = {isa = PBXFileReference; includeInIndex = 1; lastKnownFileType = sourcecode.swift; name = ProviderScanner.swift; path = AgenticSeek/RealtimeModelDiscovery/Core/ProviderScanner.swift; sourceTree = "<group>"; };
		9E2354BCC7D3C229D89FDDF6 /* SandboxComponents.swift */ = {isa = PBXFileReference; includeInIndex = 1; lastKnownFileType = sourcecode.swift; path = SandboxComponents.swift; sourceTree = "<group>"; };
		9F50D575637912CEAFECEB9E /* SimpleWorkingChatbot.swift */ = {isa = PBXFileReference; includeInIndex = 1; lastKnownFileType = sourcecode.swift; path = SimpleWorkingChatbot.swift; sourceTree = "<group>"; };
		A13CAD65AC902B11FEA4560A /* DynamicModelDiscoveryView.swift */ = {isa = PBXFileReference; includeInIndex = 1; lastKnownFileType = sourcecode.swift; name = DynamicModelDiscoveryView.swift; path = AgenticSeek/RealtimeModelDiscovery/Views/DynamicModelDiscoveryView.swift; sourceTree = "<group>"; };
		A140E52C6F48A54DBDE463EE /* MLACSCacheIntegrationTest.swift */ = {isa = PBXFileReference; includeInIndex = 1; lastKnownFileType = sourcecode.swift; name = MLACSCacheIntegrationTest.swift; path = AgenticSeek/LocalModelCacheManagement/Tests/MLACSCacheIntegrationTest.swift; sourceTree = "<group>"; };
		A37A1A8799EF7E6BA311A597 /* IntelligentModelCompatibilityAnalyzer.swift */ = {isa = PBXFileReference; includeInIndex = 1; lastKnownFileType = sourcecode.swift; name = IntelligentModelCompatibilityAnalyzer.swift; path = AgenticSeek/IntelligentModelRecommendations/Core/IntelligentModelCompatibilityAnalyzer.swift; sourceTree = "<group>"; };
		A7C58DD53D06B1B007F2A644 /* CachePerformanceAnalytics.swift */ = {isa = PBXFileReference; includeInIndex = 1; lastKnownFileType = sourcecode.swift; name = CachePerformanceAnalytics.swift; path = AgenticSeek/LocalModelCacheManagement/Core/CachePerformanceAnalytics.swift; sourceTree = "<group>"; };
		A8D28264616202849E3706F4 /* OptimizedModelManagementView.swift */ = {isa = PBXFileReference; includeInIndex = 1; lastKnownFileType = sourcecode.swift; path = OptimizedModelManagementView.swift; sourceTree = "<group>"; };
		A9DBDA0026A4E86642F1C827 /* CacheConfigurationViewTest.swift */ = {isa = PBXFileReference; includeInIndex = 1; lastKnownFileType = sourcecode.swift; name = CacheConfigurationViewTest.swift; path = AgenticSeek/LocalModelCacheManagement/Tests/CacheConfigurationViewTest.swift; sourceTree = "<group>"; };
		ADE6ABFD233E2F6CE566E41F /* MLIntegrationUtilities.swift */ = {isa = PBXFileReference; includeInIndex = 1; lastKnownFileType = sourcecode.swift; name = MLIntegrationUtilities.swift; path = AgenticSeek/IntelligentModelRecommendations/Core/MLIntegrationUtilities.swift; sourceTree = "<group>"; };
		AFB712E3E92513E53208EA6D /* CacheWarmingSystem.swift */ = {isa = PBXFileReference; includeInIndex = 1; lastKnownFileType = sourcecode.swift; name = CacheWarmingSystem.swift; path = AgenticSeek/LocalModelCacheManagement/Core/CacheWarmingSystem.swift; sourceTree = "<group>"; };
		AFBBA8B50D2D98E058E92224 /* TierAnalyticsTest.swift */ = {isa = PBXFileReference; includeInIndex = 1; lastKnownFileType = sourcecode.swift; name = TierAnalyticsTest.swift; path = TierAnalyticsTest.swift; sourceTree = "<group>"; };
		B33D008CE8F5BBA8869B7193 /* ModelDiscoveryDashboard.swift */ = {isa = PBXFileReference; includeInIndex = 1; lastKnownFileType = sourcecode.swift; name = ModelDiscoveryDashboard.swift; path = AgenticSeek/RealtimeModelDiscovery/Views/ModelDiscoveryDashboard.swift; sourceTree = "<group>"; };
		B3E7317DF87D9222CF3FB917 /* PerformancePredictionView.swift */ = {isa = PBXFileReference; includeInIndex = 1; lastKnownFileType = sourcecode.swift; name = PerformancePredictionView.swift; path = AgenticSeek/IntelligentModelRecommendations/Views/PerformancePredictionView.swift; sourceTree = "<group>"; };
		B41120ABF754FD73F0280C85 /* ModelWeightCacheManager.swift */ = {isa = PBXFileReference; includeInIndex = 1; lastKnownFileType = sourcecode.swift; name = ModelWeightCacheManager.swift; path = AgenticSeek/LocalModelCacheManagement/Core/ModelWeightCacheManager.swift; sourceTree = "<group>"; };
		B746A178165EEA23E9C98289 /* ModelValidator.swift */ = {isa = PBXFileReference; includeInIndex = 1; lastKnownFileType = sourcecode.swift; name = ModelValidator.swift; path = AgenticSeek/RealtimeModelDiscovery/Core/ModelValidator.swift; sourceTree = "<group>"; };
		BBBDAD88A9679EBAA9F37F90 /* VoiceAIBridge.swift */ = {isa = PBXFileReference; includeInIndex = 1; lastKnownFileType = sourcecode.swift; path = AgenticSeek/Core/VoiceAIBridge.swift; sourceTree = SOURCE_ROOT; };
		BC491DEF9898ADCE6D56090B /* ModelIndexer.swift */ = {isa = PBXFileReference; includeInIndex = 1; lastKnownFileType = sourcecode.swift; name = ModelIndexer.swift; path = AgenticSeek/RealtimeModelDiscovery/Core/ModelIndexer.swift; sourceTree = "<group>"; };
		BCFBF655CB638D0C124D3ACC /* CacheModelsTest.swift */ = {isa = PBXFileReference; includeInIndex = 1; lastKnownFileType = sourcecode.swift; name = CacheModelsTest.swift; path = AgenticSeek/LocalModelCacheManagement/Tests/CacheModelsTest.swift; sourceTree = "<group>"; };
		BF1B9473FD9FA4D2B876DD55 /* CacheCompressionEngine.swift */ = {isa = PBXFileReference; includeInIndex = 1; lastKnownFileType = sourcecode.swift; name = CacheCompressionEngine.swift; path = AgenticSeek/LocalModelCacheManagement/Core/CacheCompressionEngine.swift; sourceTree = "<group>"; };
		C1B1EE66778A7C853643DD2A /* RecommendationExplanationEngine.swift */ = {isa = PBXFileReference; includeInIndex = 1; lastKnownFileType = sourcecode.swift; name = RecommendationExplanationEngine.swift; path = AgenticSeek/IntelligentModelRecommendations/Core/RecommendationExplanationEngine.swift; sourceTree = "<group>"; };
		C1B2E0473A2B4CD0227CC87B /* CapabilityDetector.swift */ = {isa = PBXFileReference; includeInIndex = 1; lastKnownFileType = sourcecode.swift; name = CapabilityDetector.swift; path = AgenticSeek/RealtimeModelDiscovery/Core/CapabilityDetector.swift; sourceTree = "<group>"; };
		C4AFB510EE0B954EF3D5B6B0 /* DiscoveryUtilities.swift */ = {isa = PBXFileReference; includeInIndex = 1; lastKnownFileType = sourcecode.swift; name = DiscoveryUtilities.swift; path = AgenticSeek/RealtimeModelDiscovery/Core/DiscoveryUtilities.swift; sourceTree = "<group>"; };
		C4DD40D117B683DCEA5D42E2 /* ModelRecommendationEngine.swift */ = {isa = PBXFileReference; includeInIndex = 1; lastKnownFileType = sourcecode.swift; name = ModelRecommendationEngine.swift; path = AgenticSeek/RealtimeModelDiscovery/Core/ModelRecommendationEngine.swift; sourceTree = "<group>"; };
		C6E641C2EDEDBE2AA271A02C /* IntelligentRecommendationDashboard.swift */ = {isa = PBXFileReference; includeInIndex = 1; lastKnownFileType = sourcecode.swift; name = IntelligentRecommendationDashboard.swift; path = AgenticSeek/IntelligentModelRecommendations/Views/IntelligentRecommendationDashboard.swift; sourceTree = "<group>"; };
		CEA88B12F2EAC939DF56CA58 /* SpeculativeDecodingEngine.swift */ = {isa = PBXFileReference; includeInIndex = 1; lastKnownFileType = sourcecode.swift; path = SpeculativeDecodingEngine.swift; sourceTree = "<group>"; };
		CEBFCFF61FBA140E29A68358 /* ContextAwareRecommender.swift */ = {isa = PBXFileReference; includeInIndex = 1; lastKnownFileType = sourcecode.swift; name = ContextAwareRecommender.swift; path = AgenticSeek/IntelligentModelRecommendations/Core/ContextAwareRecommender.swift; sourceTree = "<group>"; };
		CFCCE5DAAFEEA82D805173D1 /* MLACSCoordinator.swift */ = {isa = PBXFileReference; includeInIndex = 1; lastKnownFileType = sourcecode.swift; name = MLACSCoordinator.swift; path = MLACSCoordinator.swift; sourceTree = "<group>"; };
		D6118BBFDC6201C0E76B585A /* MLACSInfoFlowView.swift */ = {isa = PBXFileReference; includeInIndex = 1; lastKnownFileType = sourcecode.swift; path = MLACSInfoFlowView.swift; sourceTree = "<group>"; };
		D742D5F52F8EACCC5CE26F5C /* IntelligentRecommendationExtensions.swift */ = {isa = PBXFileReference; includeInIndex = 1; lastKnownFileType = sourcecode.swift; name = IntelligentRecommendationExtensions.swift; path = AgenticSeek/IntelligentModelRecommendations/Core/IntelligentRecommendationExtensions.swift; sourceTree = "<group>"; };
		D765C9438ACFC4388E750695 /* RejectionSamplingEngine.swift */ = {isa = PBXFileReference; includeInIndex = 1; lastKnownFileType = sourcecode.swift; path = RejectionSamplingEngine.swift; sourceTree = "<group>"; };
		D89F4A472223E28AEDB3C966 /* SystemPerformanceAnalyticsDashboard.swift */ = {isa = PBXFileReference; includeInIndex = 1; lastKnownFileType = sourcecode.swift; name = SystemPerformanceAnalyticsDashboard.swift; path = AgenticSeek/SystemPerformanceAnalysis/Views/SystemPerformanceAnalyticsDashboard.swift; sourceTree = "<group>"; };
		D8EDDA72EF68F3DEA4EF9414 /* CacheAnalyticsView.swift */ = {isa = PBXFileReference; includeInIndex = 1; lastKnownFileType = sourcecode.swift; name = CacheAnalyticsView.swift; path = AgenticSeek/LocalModelCacheManagement/Views/CacheAnalyticsView.swift; sourceTree = "<group>"; };
		DBBE998A00F3FF9DF4CFA3B4 /* RecommendationGenerationEngine.swift */ = {isa = PBXFileReference; includeInIndex = 1; lastKnownFileType = sourcecode.swift; name = RecommendationGenerationEngine.swift; path = AgenticSeek/IntelligentModelRecommendations/Core/RecommendationGenerationEngine.swift; sourceTree = "<group>"; };
		E35DD4E1889D935A1906B947 /* ModelBrowserView.swift */ = {isa = PBXFileReference; includeInIndex = 1; lastKnownFileType = sourcecode.swift; name = ModelBrowserView.swift; path = AgenticSeek/RealtimeModelDiscovery/Views/ModelBrowserView.swift; sourceTree = "<group>"; };
		E52D5E962C5B1A0000000001 /* AgenticSeek.app */ = {isa = PBXFileReference; explicitFileType = wrapper.application; includeInIndex = 0; path = AgenticSeek.app; sourceTree = BUILT_PRODUCTS_DIR; };
		E52D5E992C5B1A0000000001 /* AgenticSeekApp.swift */ = {isa = PBXFileReference; lastKnownFileType = sourcecode.swift; path = AgenticSeekApp.swift; sourceTree = "<group>"; };
		E52D5E9B2C5B1A0000000001 /* ContentView.swift */ = {isa = PBXFileReference; lastKnownFileType = sourcecode.swift; path = ContentView.swift; sourceTree = "<group>"; };
		E52D5E9D2C5B1A0000000001 /* Assets.xcassets */ = {isa = PBXFileReference; lastKnownFileType = folder.assetcatalog; path = Assets.xcassets; sourceTree = "<group>"; };
		E52D5EA02C5B1A0000000001 /* Preview Assets.xcassets */ = {isa = PBXFileReference; lastKnownFileType = folder.assetcatalog; path = "Preview Assets.xcassets"; sourceTree = "<group>"; };
		E52D5EA22C5B1A0000000001 /* AgenticSeek.entitlements */ = {isa = PBXFileReference; lastKnownFileType = text.plist.entitlements; path = AgenticSeek.entitlements; sourceTree = "<group>"; };
		E52D5EA82C5B1A1000000001 /* WebViewManager.swift */ = {isa = PBXFileReference; lastKnownFileType = sourcecode.swift; path = WebViewManager.swift; sourceTree = "<group>"; };
		E52D5EAA2C5B1A2000000001 /* MenuBarManager.swift */ = {isa = PBXFileReference; lastKnownFileType = sourcecode.swift; path = MenuBarManager.swift; sourceTree = "<group>"; };
		E52D5EAC2C5B1A3000000001 /* ServiceManager.swift */ = {isa = PBXFileReference; lastKnownFileType = sourcecode.swift; path = ServiceManager.swift; sourceTree = "<group>"; };
		E52D5EAE2C5B1A5000000001 /* ModelManagementView.swift */ = {isa = PBXFileReference; lastKnownFileType = sourcecode.swift; path = ModelManagementView.swift; sourceTree = "<group>"; };
		E52D5EB02C5B1A6000000001 /* ConfigurationView.swift */ = {isa = PBXFileReference; lastKnownFileType = sourcecode.swift; path = ConfigurationView.swift; sourceTree = "<group>"; };
		E52D5EB22C5B1A7000000001 /* ProductionUIModals.swift */ = {isa = PBXFileReference; lastKnownFileType = sourcecode.swift; path = ProductionUIModals.swift; sourceTree = "<group>"; };
		E52D5EB42C5B1A4000000001 /* Info.plist */ = {isa = PBXFileReference; lastKnownFileType = text.plist.xml; path = Info.plist; sourceTree = "<group>"; };
		E738F6872E514FD6047D6C76 /* TierManagerTest.swift */ = {isa = PBXFileReference; includeInIndex = 1; lastKnownFileType = sourcecode.swift; name = TierManagerTest.swift; path = TierManagerTest.swift; sourceTree = "<group>"; };
		E8AACD4F69E14A2094F75C24 /* CacheModels.swift */ = {isa = PBXFileReference; includeInIndex = 1; lastKnownFileType = sourcecode.swift; name = CacheModels.swift; path = AgenticSeek/LocalModelCacheManagement/Models/CacheModels.swift; sourceTree = "<group>"; };
		E9002086A9C1FD6AFED80126 /* DiscoveryModels.swift */ = {isa = PBXFileReference; includeInIndex = 1; lastKnownFileType = sourcecode.swift; name = DiscoveryModels.swift; path = AgenticSeek/RealtimeModelDiscovery/Core/DiscoveryModels.swift; sourceTree = "<group>"; };
		E9FB404C5CCEE3DC309BF5B0 /* MLACSCacheIntegration.swift */ = {isa = PBXFileReference; includeInIndex = 1; lastKnownFileType = sourcecode.swift; name = MLACSCacheIntegration.swift; path = AgenticSeek/LocalModelCacheManagement/Integration/MLACSCacheIntegration.swift; sourceTree = "<group>"; };
		EA76EAC5562F5BF5F4A3B771 /* UserPreferenceConfigurationView.swift */ = {isa = PBXFileReference; includeInIndex = 1; lastKnownFileType = sourcecode.swift; name = UserPreferenceConfigurationView.swift; path = AgenticSeek/IntelligentModelRecommendations/Views/UserPreferenceConfigurationView.swift; sourceTree = "<group>"; };
		ECCA9E010EA3B05A2071AF7E /* OnboardingFlow.swift */ = {isa = PBXFileReference; includeInIndex = 1; lastKnownFileType = sourcecode.swift; path = OnboardingFlow.swift; sourceTree = "<group>"; };
		EEA94386D0CC084CF6189308 /* TierUpgradeManagerTest.swift */ = {isa = PBXFileReference; includeInIndex = 1; lastKnownFileType = sourcecode.swift; name = TierUpgradeManagerTest.swift; path = TierUpgradeManagerTest.swift; sourceTree = "<group>"; };
		EF3814DD34ACAA0B8E47B93D /* VoiceAIBridge.swift */ = {isa = PBXFileReference; includeInIndex = 1; lastKnownFileType = sourcecode.swift; path = VoiceAIBridge.swift; sourceTree = "<group>"; };
		F0D425A89F7F6FBDF4F5028C /* RecommendationView.swift */ = {isa = PBXFileReference; includeInIndex = 1; lastKnownFileType = sourcecode.swift; name = RecommendationView.swift; path = AgenticSeek/RealtimeModelDiscovery/Views/RecommendationView.swift; sourceTree = "<group>"; };
		F17DB4CD263B9D9CF1CD94EA /* TaskComplexityAnalyzer.swift */ = {isa = PBXFileReference; includeInIndex = 1; lastKnownFileType = sourcecode.swift; name = TaskComplexityAnalyzer.swift; path = AgenticSeek/IntelligentModelRecommendations/Core/TaskComplexityAnalyzer.swift; sourceTree = "<group>"; };
		F2CA6058CAC63BCD35EB390B /* CacheEvictionEngineTest.swift */ = {isa = PBXFileReference; includeInIndex = 1; lastKnownFileType = sourcecode.swift; name = CacheEvictionEngineTest.swift; path = AgenticSeek/LocalModelCacheManagement/Tests/CacheEvictionEngineTest.swift; sourceTree = "<group>"; };
		F3B4ADB46A1C341C67BA795C /* DiscoveryPerformanceProfiler.swift */ = {isa = PBXFileReference; includeInIndex = 1; lastKnownFileType = sourcecode.swift; name = DiscoveryPerformanceProfiler.swift; path = AgenticSeek/RealtimeModelDiscovery/Core/DiscoveryPerformanceProfiler.swift; sourceTree = "<group>"; };
		F3C54904F827D81DF97A5E86 /* DynamicAgentScalerTest.swift */ = {isa = PBXFileReference; includeInIndex = 1; lastKnownFileType = sourcecode.swift; name = DynamicAgentScalerTest.swift; path = DynamicAgentScalerTest.swift; sourceTree = "<group>"; };
		F7BC27E3B6C95D88131871DF /* ModelDiscoveryEngine.swift */ = {isa = PBXFileReference; includeInIndex = 1; lastKnownFileType = sourcecode.swift; name = ModelDiscoveryEngine.swift; path = AgenticSeek/RealtimeModelDiscovery/Core/ModelDiscoveryEngine.swift; sourceTree = "<group>"; };
		F8086D1B3BA854B2628A1031 /* CachePerformanceAnalyticsTest.swift */ = {isa = PBXFileReference; includeInIndex = 1; lastKnownFileType = sourcecode.swift; name = CachePerformanceAnalyticsTest.swift; path = AgenticSeek/LocalModelCacheManagement/Tests/CachePerformanceAnalyticsTest.swift; sourceTree = "<group>"; };
		F85EBFDB39312AA98698CAEA /* UsageMonitorTest.swift */ = {isa = PBXFileReference; includeInIndex = 1; lastKnownFileType = sourcecode.swift; name = UsageMonitorTest.swift; path = UsageMonitorTest.swift; sourceTree = "<group>"; };
		FB0B29EBDB3045C36146C97C /* AgentDashboardViewTest.swift */ = {isa = PBXFileReference; includeInIndex = 1; lastKnownFileType = sourcecode.swift; name = AgentDashboardViewTest.swift; path = AgentDashboardViewTest.swift; sourceTree = "<group>"; };
		FC069B5E2C61921300F29B85 /* DesignSystem.swift */ = {isa = PBXFileReference; lastKnownFileType = sourcecode.swift; path = DesignSystem.swift; sourceTree = "<group>"; };
		FC069B602C61921300F29B85 /* Strings.swift */ = {isa = PBXFileReference; lastKnownFileType = sourcecode.swift; path = Strings.swift; sourceTree = "<group>"; };
		FFAE1EFB57890C89177163ED /* CrossModelSharedParameterDetector.swift */ = {isa = PBXFileReference; includeInIndex = 1; lastKnownFileType = sourcecode.swift; name = CrossModelSharedParameterDetector.swift; path = AgenticSeek/LocalModelCacheManagement/Core/CrossModelSharedParameterDetector.swift; sourceTree = "<group>"; };
/* End PBXFileReference section */

/* Begin PBXFrameworksBuildPhase section */
		E52D5E932C5B1A0000000001 /* Frameworks */ = {
			isa = PBXFrameworksBuildPhase;
			buildActionMask = 2147483647;
			files = (
			);
			runOnlyForDeploymentPostprocessing = 0;
		};
/* End PBXFrameworksBuildPhase section */

/* Begin PBXGroup section */
		08B2A1771269FF08E23EDBD4 /* Core */ = {
			isa = PBXGroup;
			children = (
			);
			name = Core;
			sourceTree = "<group>";
		};
		128D854EF911DE228BFF3727 /* Core */ = {
			isa = PBXGroup;
			children = (
				2BE012A1ECF8BF796BD5DD3F /* SystemPerformanceProfiler.swift */,
			);
			name = Core;
			sourceTree = "<group>";
		};
		187975D34DC9928EAD8B44BC /* Integration */ = {
			isa = PBXGroup;
			children = (
				E9FB404C5CCEE3DC309BF5B0 /* MLACSCacheIntegration.swift */,
			);
			name = Integration;
			sourceTree = "<group>";
		};
		1D8B9F5C70F422E7DF8B0127 /* Integration */ = {
			isa = PBXGroup;
			children = (
			);
			name = Integration;
			sourceTree = "<group>";
		};
		26821B50937BF4802D3D9046 /* Tests */ = {
			isa = PBXGroup;
			children = (
			);
			name = Tests;
			sourceTree = "<group>";
		};
		268859F4297A05C9BC3AE5D9 /* Models */ = {
			isa = PBXGroup;
			children = (
			);
			name = Models;
			sourceTree = "<group>";
		};
		29C9D29C45BAF083CB12BA85 /* Core */ = {
			isa = PBXGroup;
			children = (
			);
			name = Core;
			sourceTree = "<group>";
		};
		2ACA9E7CFB72907F9B5E3B09 /* Views */ = {
			isa = PBXGroup;
			children = (
				D89F4A472223E28AEDB3C966 /* SystemPerformanceAnalyticsDashboard.swift */,
			);
			name = Views;
			sourceTree = "<group>";
		};
		2CEBD4095543665EC4B16F53 /* IntelligentModelRecommendations */ = {
			isa = PBXGroup;
			children = (
				3003BBF8E8D501CD5B6065E6 /* Core */,
				5F1C588277BEAF20798DB964 /* Views */,
				C63E9EE7A1B46B0B0E46B994 /* Tests */,
			);
			name = IntelligentModelRecommendations;
			sourceTree = "<group>";
		};
		2FC7E59BA97FAF7C223CE837 /* Views */ = {
			isa = PBXGroup;
			children = (
				5EAFE4DABD1821627BB36306 /* CacheManagementDashboard.swift */,
				08E828E72F8A9F5F4EEB4433 /* CacheConfigurationView.swift */,
				D8EDDA72EF68F3DEA4EF9414 /* CacheAnalyticsView.swift */,
			);
			name = Views;
			sourceTree = "<group>";
		};
		3003BBF8E8D501CD5B6065E6 /* Core */ = {
			isa = PBXGroup;
			children = (
				F17DB4CD263B9D9CF1CD94EA /* TaskComplexityAnalyzer.swift */,
				0CA9D3FF01831270CCEF86C1 /* UserPreferenceLearningEngine.swift */,
				2255D9D0E3269F8197F6A6E6 /* HardwareCapabilityProfiler.swift */,
				48E878F7A81678380FDE05F7 /* ModelPerformancePredictor.swift */,
				DBBE998A00F3FF9DF4CFA3B4 /* RecommendationGenerationEngine.swift */,
				CEBFCFF61FBA140E29A68358 /* ContextAwareRecommender.swift */,
				32043DB203BD358CAFF51CD0 /* QualityPerformanceOptimizer.swift */,
				081516581448DE9A2594E98C /* RecommendationCacheManager.swift */,
				8EDE0EA2866276A08B80ADA0 /* FeedbackLearningSystem.swift */,
				C1B1EE66778A7C853643DD2A /* RecommendationExplanationEngine.swift */,
				1C3A8B6EB892DE6CB5A940D8 /* AdaptiveRecommendationUpdater.swift */,
				A37A1A8799EF7E6BA311A597 /* IntelligentModelCompatibilityAnalyzer.swift */,
				69BC9A1D8C92737C6C2C627C /* IntelligentRecommendationModels.swift */,
				D742D5F52F8EACCC5CE26F5C /* IntelligentRecommendationExtensions.swift */,
				ADE6ABFD233E2F6CE566E41F /* MLIntegrationUtilities.swift */,
			);
			name = Core;
			sourceTree = "<group>";
		};
		3B456E345B71E29EB3C6B45C /* Views */ = {
			isa = PBXGroup;
			children = (
				073BF57D31A730DAFBBA5C2A /* ModelDiscoveryDashboard.swift */,
				E35DD4E1889D935A1906B947 /* ModelBrowserView.swift */,
				F0D425A89F7F6FBDF4F5028C /* RecommendationView.swift */,
				6479B1C99BA0C0DDD51C6035 /* DiscoverySettingsView.swift */,
				A13CAD65AC902B11FEA4560A /* DynamicModelDiscoveryView.swift */,
				B33D008CE8F5BBA8869B7193 /* ModelDiscoveryDashboard.swift */,
			);
			name = Views;
			sourceTree = "<group>";
		};
		3DFD7F27BBFFFDDD35E40F6C /* Views */ = {
			isa = PBXGroup;
			children = (
			);
			name = Views;
			sourceTree = "<group>";
		};
		4063AB187D3429A0BCA14050 /* Core */ = {
			isa = PBXGroup;
			children = (
			);
			name = Core;
			sourceTree = "<group>";
		};
		55283654A97478B18AB2F0E9 /* Tests */ = {
			isa = PBXGroup;
			children = (
				E738F6872E514FD6047D6C76 /* TierManagerTest.swift */,
				833AFE4CF93A0B6DA77B2857 /* AgentLimitEnforcerTest.swift */,
				F85EBFDB39312AA98698CAEA /* UsageMonitorTest.swift */,
				EEA94386D0CC084CF6189308 /* TierUpgradeManagerTest.swift */,
				F3C54904F827D81DF97A5E86 /* DynamicAgentScalerTest.swift */,
				AFBBA8B50D2D98E058E92224 /* TierAnalyticsTest.swift */,
				101901F7E5AF1370AEDF6D8C /* TieredAgentCoordinatorTest.swift */,
				60349C39E0B9FD234FAFA562 /* TierConfigurationViewTest.swift */,
				FB0B29EBDB3045C36146C97C /* AgentDashboardViewTest.swift */,
				763E4737831F8945BE8FDCB2 /* TierUpgradeViewTest.swift */,
				2EEC36856A39252DB5464A72 /* UsageAnalyticsViewTest.swift */,
				7E6CF1DE5BD4D4C9100924AA /* TieredArchitectureIntegrationTest.swift */,
			);
			name = Tests;
			sourceTree = "<group>";
		};
		5EA5898C486B0B6F85BB91CE /* SingleAgentMode */ = {
			isa = PBXGroup;
			children = (
			);
			name = SingleAgentMode;
			sourceTree = "<group>";
		};
		5F1C588277BEAF20798DB964 /* Views */ = {
			isa = PBXGroup;
			children = (
				C6E641C2EDEDBE2AA271A02C /* IntelligentRecommendationDashboard.swift */,
				85F20356C884581CFD806C39 /* TaskAnalysisView.swift */,
				3344F9D55EC25B4C77A465FC /* RecommendationExplanationView.swift */,
				EA76EAC5562F5BF5F4A3B771 /* UserPreferenceConfigurationView.swift */,
				B3E7317DF87D9222CF3FB917 /* PerformancePredictionView.swift */,
				2C1712A9B8714DF309F31D31 /* RecommendationFeedbackView.swift */,
			);
			name = Views;
			sourceTree = "<group>";
		};
		60EF3042BFDD4B2AEEE964C0 /* Views */ = {
			isa = PBXGroup;
			children = (
			);
			name = Views;
			sourceTree = "<group>";
		};
		639AB142CA9BA445AB498FAA /* TieredArchitecture */ = {
			isa = PBXGroup;
			children = (
				4063AB187D3429A0BCA14050 /* Core */,
				D61BE7C0DFC290779C20EEE1 /* Views */,
				55283654A97478B18AB2F0E9 /* Tests */,
			);
			name = TieredArchitecture;
			sourceTree = "<group>";
		};
		7075D899685E43607E32F550 /* SystemPerformanceAnalysis */ = {
			isa = PBXGroup;
			children = (
				128D854EF911DE228BFF3727 /* Core */,
				2ACA9E7CFB72907F9B5E3B09 /* Views */,
			);
			name = SystemPerformanceAnalysis;
			sourceTree = "<group>";
		};
		77968D611FE69E0F43F6D2E2 /* Models */ = {
			isa = PBXGroup;
			children = (
				E8AACD4F69E14A2094F75C24 /* CacheModels.swift */,
			);
			name = Models;
			sourceTree = "<group>";
		};
		86C7F42FD4F266236967B3CD /* LocalModelCacheManagement */ = {
			isa = PBXGroup;
			children = (
				D9E957EFA982178C10BF9EF5 /* Core */,
				2FC7E59BA97FAF7C223CE837 /* Views */,
				187975D34DC9928EAD8B44BC /* Integration */,
				77968D611FE69E0F43F6D2E2 /* Models */,
				F6911E1A69B70046D41477DD /* Tests */,
			);
			name = LocalModelCacheManagement;
			sourceTree = "<group>";
		};
		8F0517243D68321B51B1D2BD /* RealtimeModelDiscovery */ = {
			isa = PBXGroup;
			children = (
				C7FB919E8CEB10E7C9FB3257 /* Core */,
				3B456E345B71E29EB3C6B45C /* Views */,
				26821B50937BF4802D3D9046 /* Tests */,
				268859F4297A05C9BC3AE5D9 /* Models */,
				1D8B9F5C70F422E7DF8B0127 /* Integration */,
			);
			name = RealtimeModelDiscovery;
			sourceTree = "<group>";
		};
		9056BF1E7830431974E02891 /* Core */ = {
			isa = PBXGroup;
			children = (
			);
			name = Core;
			sourceTree = "<group>";
		};
		9D1FC38F5E997E4C58F54875 /* LocalModelManagement */ = {
			isa = PBXGroup;
			children = (
				08B2A1771269FF08E23EDBD4 /* Core */,
				3DFD7F27BBFFFDDD35E40F6C /* Views */,
			);
			name = LocalModelManagement;
			sourceTree = "<group>";
		};
		BD9024FBFFD407FDAABCB078 /* Views */ = {
			isa = PBXGroup;
			children = (
			);
			name = Views;
			sourceTree = "<group>";
		};
		BE01C6D54C906EC2F4A0C809 /* HardwareOptimization */ = {
			isa = PBXGroup;
			children = (
				29C9D29C45BAF083CB12BA85 /* Core */,
				60EF3042BFDD4B2AEEE964C0 /* Views */,
			);
			name = HardwareOptimization;
			sourceTree = "<group>";
		};
		C63E9EE7A1B46B0B0E46B994 /* Tests */ = {
			isa = PBXGroup;
			children = (
			);
			name = Tests;
			sourceTree = "<group>";
		};
		C7FB919E8CEB10E7C9FB3257 /* Core */ = {
			isa = PBXGroup;
			children = (
				8DC468119E08E75820546769 /* ModelDiscoveryEngine.swift */,
				56130ED6FEC18AED6AC47CA2 /* ModelRegistryManager.swift */,
				C1B2E0473A2B4CD0227CC87B /* CapabilityDetector.swift */,
				966368E3DA93E48C7D2A4763 /* ProviderScanner.swift */,
				C4DD40D117B683DCEA5D42E2 /* ModelRecommendationEngine.swift */,
				02215942423DBAF3CAC629DD /* CompatibilityAnalyzer.swift */,
				BC491DEF9898ADCE6D56090B /* ModelIndexer.swift */,
				410B86CAD7DBF14D9B27ED67 /* DiscoveryScheduler.swift */,
				B746A178165EEA23E9C98289 /* ModelValidator.swift */,
				E9002086A9C1FD6AFED80126 /* DiscoveryModels.swift */,
				758C31B94B552D2AEA8F3F83 /* DiscoveryExtensions.swift */,
				C4AFB510EE0B954EF3D5B6B0 /* DiscoveryUtilities.swift */,
				F3B4ADB46A1C341C67BA795C /* DiscoveryPerformanceProfiler.swift */,
				8252411AC8B392AB38806DF9 /* DynamicModelDiscoveryEngine.swift */,
				F7BC27E3B6C95D88131871DF /* ModelDiscoveryEngine.swift */,
				6513907F51FAE4CAA49B92A9 /* ModelRecommendationEngine.swift */,
			);
			name = Core;
			sourceTree = "<group>";
		};
		D61BE7C0DFC290779C20EEE1 /* Views */ = {
			isa = PBXGroup;
			children = (
			);
			name = Views;
			sourceTree = "<group>";
		};
		D82E425CACBB300B0D8D86B5 /* CustomAgents */ = {
			isa = PBXGroup;
			children = (
				9056BF1E7830431974E02891 /* Core */,
				BD9024FBFFD407FDAABCB078 /* Views */,
			);
			name = CustomAgents;
			sourceTree = "<group>";
		};
		D9E957EFA982178C10BF9EF5 /* Core */ = {
			isa = PBXGroup;
			children = (
				B41120ABF754FD73F0280C85 /* ModelWeightCacheManager.swift */,
				2CD93C9215C4DC952FF8439C /* IntermediateActivationCache.swift */,
				8F4698754EF4C9E3D7463B9C /* ComputationResultCache.swift */,
				631277E90508FB84BD209F2D /* CacheEvictionEngine.swift */,
				FFAE1EFB57890C89177163ED /* CrossModelSharedParameterDetector.swift */,
				BF1B9473FD9FA4D2B876DD55 /* CacheCompressionEngine.swift */,
				AFB712E3E92513E53208EA6D /* CacheWarmingSystem.swift */,
				A7C58DD53D06B1B007F2A644 /* CachePerformanceAnalytics.swift */,
				893B832D5EB21470A15816D9 /* CacheStorageOptimizer.swift */,
				7289D3675A911156AF6453E1 /* CacheSecurityManager.swift */,
			);
			name = Core;
			sourceTree = "<group>";
		};
		E52D5E8D2C5B1A0000000001 = {
			isa = PBXGroup;
			children = (
				E52D5E982C5B1A0000000001 /* AgenticSeek */,
				E52D5E972C5B1A0000000001 /* Products */,
				8F0517243D68321B51B1D2BD /* RealtimeModelDiscovery */,
				2CEBD4095543665EC4B16F53 /* IntelligentModelRecommendations */,
				86C7F42FD4F266236967B3CD /* LocalModelCacheManagement */,
				7075D899685E43607E32F550 /* SystemPerformanceAnalysis */,
			);
			sourceTree = "<group>";
		};
		E52D5E972C5B1A0000000001 /* Products */ = {
			isa = PBXGroup;
			children = (
				E52D5E962C5B1A0000000001 /* AgenticSeek.app */,
			);
			name = Products;
			sourceTree = "<group>";
		};
		E52D5E982C5B1A0000000001 /* AgenticSeek */ = {
			isa = PBXGroup;
			children = (
				E52D5EB42C5B1A4000000001 /* Info.plist */,
				E52D5E992C5B1A0000000001 /* AgenticSeekApp.swift */,
				E52D5E9B2C5B1A0000000001 /* ContentView.swift */,
				E52D5EA82C5B1A1000000001 /* WebViewManager.swift */,
				E52D5EAA2C5B1A2000000001 /* MenuBarManager.swift */,
				E52D5EAC2C5B1A3000000001 /* ServiceManager.swift */,
				E52D5EAE2C5B1A5000000001 /* ModelManagementView.swift */,
				E52D5EB02C5B1A6000000001 /* ConfigurationView.swift */,
				E52D5EB22C5B1A7000000001 /* ProductionUIModals.swift */,
				FC069B5E2C61921300F29B85 /* DesignSystem.swift */,
				FC069B602C61921300F29B85 /* Strings.swift */,
				E52D5E9D2C5B1A0000000001 /* Assets.xcassets */,
				E52D5EA22C5B1A0000000001 /* AgenticSeek.entitlements */,
				E52D5E9F2C5B1A0000000001 /* Preview Content */,
				1E0E21B31F40D829BD0C70CD /* OnboardingManager.swift */,
				ECCA9E010EA3B05A2071AF7E /* OnboardingFlow.swift */,
				010961EED4401BF6B6E6C6D1 /* AuthenticationManager.swift */,
				5765024E71DF640888EF218F /* AppNavigationView.swift */,
				93985127131B7311DC7F6949 /* ChatbotInterface.swift */,
				080422F1FE12C03B0F68390C /* ChatbotModels.swift */,
				880CCB08000607F69036E54C /* ModelSelectionView.swift */,
				72B3B76E7B250DFD4D7F6366 /* PerformanceAnalyticsView.swift */,
				1507DABAB2339FFBB5C5CA29 /* PerformanceOptimizedComponents.swift */,
				64D38A0144E1C48B8A7DB140 /* ProductionComponents.swift */,
				45370F70B7EFCAD556DC167B /* RealChatInterface.swift */,
				8CD477DD82DD5D44DE7981F0 /* EnhancedContentView.swift */,
				A8D28264616202849E3706F4 /* OptimizedModelManagementView.swift */,
				168E1038C9E61ACB5545A560 /* VoiceAICore.swift */,
				EF3814DD34ACAA0B8E47B93D /* VoiceAIBridge.swift */,
				4AC0F215FB15F0DD96E0AAC2 /* MinimalWorkingChatbot.swift */,
				9F50D575637912CEAFECEB9E /* SimpleWorkingChatbot.swift */,
				D765C9438ACFC4388E750695 /* RejectionSamplingEngine.swift */,
				12CEEA9AAB3EF9451E1E4E47 /* SpeculativeDecodingCoordinator.swift */,
				CEA88B12F2EAC939DF56CA58 /* SpeculativeDecodingEngine.swift */,
				9E2354BCC7D3C229D89FDDF6 /* SandboxComponents.swift */,
				EAB8553B5AE8A0C862E425F5 /* Core */,
				1808B4C669A9CF60A8F96D99 /* MLACSInfoDissemination.swift */,
				D6118BBFDC6201C0E76B585A /* MLACSInfoFlowView.swift */,
				8F71DD8F391F27FD0C32A184 /* MLACSEnhancedInterface.swift */,
				CFCCE5DAAFEEA82D805173D1 /* MLACSCoordinator.swift */,
				5EA5898C486B0B6F85BB91CE /* SingleAgentMode */,
				639AB142CA9BA445AB498FAA /* TieredArchitecture */,
				D82E425CACBB300B0D8D86B5 /* CustomAgents */,
				9D1FC38F5E997E4C58F54875 /* LocalModelManagement */,
				BE01C6D54C906EC2F4A0C809 /* HardwareOptimization */,
			);
			path = AgenticSeek;
			sourceTree = "<group>";
		};
		E52D5E9F2C5B1A0000000001 /* Preview Content */ = {
			isa = PBXGroup;
			children = (
				E52D5EA02C5B1A0000000001 /* Preview Assets.xcassets */,
			);
			path = "Preview Content";
			sourceTree = "<group>";
		};
		EAB8553B5AE8A0C862E425F5 /* Core */ = {
			isa = PBXGroup;
			children = (
				6C2C46858A47CA927DF2C9D5 /* VoiceAICore.swift */,
				BBBDAD88A9679EBAA9F37F90 /* VoiceAIBridge.swift */,
			);
			name = Core;
			sourceTree = "<group>";
		};
		F6911E1A69B70046D41477DD /* Tests */ = {
			isa = PBXGroup;
			children = (
				7D6C3BD71C5E46508CC58B48 /* ModelWeightCacheManagerTest.swift */,
				0F35C989B045033739746997 /* IntermediateActivationCacheTest.swift */,
				4364BA1DE994852360841159 /* ComputationResultCacheTest.swift */,
				F2CA6058CAC63BCD35EB390B /* CacheEvictionEngineTest.swift */,
				64ED5E3D2C51511230D025C0 /* CrossModelSharedParameterDetectorTest.swift */,
				73CAC64EDF6F8112186403E2 /* CacheCompressionEngineTest.swift */,
				3D5555106A46AFD512D6E163 /* CacheWarmingSystemTest.swift */,
				F8086D1B3BA854B2628A1031 /* CachePerformanceAnalyticsTest.swift */,
				62326C70DFBC2FCCB1FDA373 /* CacheStorageOptimizerTest.swift */,
				1F9C2BFB147B62CCEAA84BDE /* CacheSecurityManagerTest.swift */,
				33F3465FC2B55E47AB3A59E8 /* CacheManagementDashboardTest.swift */,
				A9DBDA0026A4E86642F1C827 /* CacheConfigurationViewTest.swift */,
				16EE81D2640FBA24ABE31174 /* CacheAnalyticsViewTest.swift */,
				A140E52C6F48A54DBDE463EE /* MLACSCacheIntegrationTest.swift */,
				BCFBF655CB638D0C124D3ACC /* CacheModelsTest.swift */,
			);
			name = Tests;
			sourceTree = "<group>";
		};
/* End PBXGroup section */

/* Begin PBXNativeTarget section */
		E52D5E952C5B1A0000000001 /* AgenticSeek */ = {
			isa = PBXNativeTarget;
			buildConfigurationList = E52D5EA52C5B1A0000000001 /* Build configuration list for PBXNativeTarget "AgenticSeek" */;
			buildPhases = (
				E52D5E922C5B1A0000000001 /* Sources */,
				E52D5E932C5B1A0000000001 /* Frameworks */,
				E52D5E942C5B1A0000000001 /* Resources */,
			);
			buildRules = (
			);
			dependencies = (
			);
			name = AgenticSeek;
			productName = AgenticSeek;
			productReference = E52D5E962C5B1A0000000001 /* AgenticSeek.app */;
			productType = "com.apple.product-type.application";
		};
/* End PBXNativeTarget section */

/* Begin PBXProject section */
		E52D5E8E2C5B1A0000000001 /* Project object */ = {
			isa = PBXProject;
			attributes = {
				BuildIndependentTargetsInParallel = 1;
				LastSwiftUpdateCheck = 1540;
				LastUpgradeCheck = 1540;
				TargetAttributes = {
					E52D5E952C5B1A0000000001 = {
						CreatedOnToolsVersion = 15.4;
					};
				};
			};
			buildConfigurationList = E52D5E912C5B1A0000000001 /* Build configuration list for PBXProject "AgenticSeek" */;
			compatibilityVersion = "Xcode 14.0";
			developmentRegion = en;
			hasScannedForEncodings = 0;
			knownRegions = (
				en,
				Base,
			);
			mainGroup = E52D5E8D2C5B1A0000000001;
			productRefGroup = E52D5E972C5B1A0000000001 /* Products */;
			projectDirPath = "";
			projectRoot = "";
			targets = (
				E52D5E952C5B1A0000000001 /* AgenticSeek */,
			);
		};
/* End PBXProject section */

/* Begin PBXResourcesBuildPhase section */
		E52D5E942C5B1A0000000001 /* Resources */ = {
			isa = PBXResourcesBuildPhase;
			buildActionMask = 2147483647;
			files = (
				E52D5EA12C5B1A0000000001 /* Preview Assets.xcassets in Resources */,
				E52D5E9E2C5B1A0000000001 /* Assets.xcassets in Resources */,
			);
			runOnlyForDeploymentPostprocessing = 0;
		};
/* End PBXResourcesBuildPhase section */

/* Begin PBXSourcesBuildPhase section */
		E52D5E922C5B1A0000000001 /* Sources */ = {
			isa = PBXSourcesBuildPhase;
			buildActionMask = 2147483647;
			files = (
				E52D5E9C2C5B1A0000000001 /* ContentView.swift in Sources */,
				E52D5E9A2C5B1A0000000001 /* AgenticSeekApp.swift in Sources */,
				FC069B5F2C61921300F29B85 /* DesignSystem.swift in Sources */,
				FC069B612C61921300F29B85 /* Strings.swift in Sources */,
				2C8A1EBE46BECCAB86013B1F /* OnboardingManager.swift in Sources */,
				55C008E31556E2807C6AF005 /* OnboardingFlow.swift in Sources */,
				18B0A87BFE92C7BB0A1FA8B2 /* ServiceManager.swift in Sources */,
				09B9F7D160CF8F8E3E641320 /* MenuBarManager.swift in Sources */,
				B37FAD6A2C72981665C72F2C /* ProductionComponents.swift in Sources */,
				2589958B9545AB7993941D3C /* ChatbotInterface.swift in Sources */,
				3E0ECE7689D3352F71EB86E7 /* ChatbotModels.swift in Sources */,
				3A8477E7A41EAD8AC5BA5BBA /* MLACSCoordinator.swift in Sources */,
				8FC610B6BA5AEFDA1F92C520 /* MLACSEnhancedInterface.swift in Sources */,
				6B87E50F8E5636B1F22B003B /* MLACSInfoDissemination.swift in Sources */,
				B5684E88A762D163076E946E /* MLACSInfoFlowView.swift in Sources */,
				3FF713418E7D2D97A39E56E7 /* ModelWeightCacheManager.swift in Sources */,
				80942592182DB0C00197D772 /* IntermediateActivationCache.swift in Sources */,
				4193CC2B834AD3C3DFA982C8 /* ComputationResultCache.swift in Sources */,
				E5F2F58C83D969D83A4AC0B5 /* CacheEvictionEngine.swift in Sources */,
				A8066C7305F69FAAD8FC502A /* CrossModelSharedParameterDetector.swift in Sources */,
				452A3DB37824497DEC63FC65 /* CacheCompressionEngine.swift in Sources */,
				51B74DBFA962B3AE62E844EB /* CacheWarmingSystem.swift in Sources */,
				9AFC34DB813093CCC859B900 /* CachePerformanceAnalytics.swift in Sources */,
				7A21DE93581CD3772F4839C6 /* CacheStorageOptimizer.swift in Sources */,
				387572403FD6D35DD0B1A7FA /* CacheSecurityManager.swift in Sources */,
				C8267D35B878AC56E8FE55F6 /* CacheManagementDashboard.swift in Sources */,
				A2D65AF5BBB3D3CB5A5CD194 /* CacheConfigurationView.swift in Sources */,
				DFB65CCA9EF7C1FAAAB10AAB /* CacheAnalyticsView.swift in Sources */,
				29C57F459F13A61D1C69BEB2 /* MLACSCacheIntegration.swift in Sources */,
				12A56A81042AD0D8BA77269A /* CacheModels.swift in Sources */,
				0815C6D2A502FC0606C1769B /* TaskComplexityAnalyzer.swift in Sources */,
				11433C6662CF22C2442E694F /* UserPreferenceLearningEngine.swift in Sources */,
				FD5189EDB2DA5513111DBCD5 /* HardwareCapabilityProfiler.swift in Sources */,
				AA7883F614335A7C69DFCD67 /* ModelPerformancePredictor.swift in Sources */,
				C485A85440F8A6E1BA6554CF /* RecommendationGenerationEngine.swift in Sources */,
				90E9A29DDDA9EC0A4A9FDF80 /* ContextAwareRecommender.swift in Sources */,
				F87C2D5B96AD9E9EA1202592 /* QualityPerformanceOptimizer.swift in Sources */,
				3B61A7A3F4A77DADB7E7CDF6 /* RecommendationCacheManager.swift in Sources */,
				87F4DB94A60985F03E9B8B68 /* FeedbackLearningSystem.swift in Sources */,
				B8ADFC8E1CF1F23953DB1D18 /* RecommendationExplanationEngine.swift in Sources */,
				57807247B3216E5BCC49AACD /* AdaptiveRecommendationUpdater.swift in Sources */,
				4835D63E180A1D714B1220F9 /* IntelligentModelCompatibilityAnalyzer.swift in Sources */,
				D1B402E7293BF8C5F8E84C8E /* IntelligentRecommendationModels.swift in Sources */,
				2E9E144DE3EBB8B1720DF3F8 /* IntelligentRecommendationExtensions.swift in Sources */,
				8FC6CEC5B0FDC426EA0C3BF2 /* MLIntegrationUtilities.swift in Sources */,
				BE460027F4D64F73D4FA00A3 /* IntelligentRecommendationDashboard.swift in Sources */,
				9A7C4C2836DB6AB46E63AA22 /* TaskAnalysisView.swift in Sources */,
				A809EE216252BD02035D57A1 /* RecommendationExplanationView.swift in Sources */,
				A3A333F9079BA4F8E8C2BC17 /* UserPreferenceConfigurationView.swift in Sources */,
				62F7D9D174E1A82DAB8D1549 /* PerformancePredictionView.swift in Sources */,
				3DD8C58BBDB9DCBACD2E0FBF /* RecommendationFeedbackView.swift in Sources */,
				E82362CF65439A7272F56920 /* ModelDiscoveryEngine.swift in Sources */,
				480C593223CE4B147EBF53D1 /* ModelRegistryManager.swift in Sources */,
				F1619F514DB943275783153D /* CapabilityDetector.swift in Sources */,
				2E37EED5BBE4D3370163E2E8 /* ProviderScanner.swift in Sources */,
				31B5930042D03A733D103695 /* ModelRecommendationEngine.swift in Sources */,
				DDE14F9EDCDA4C38594C88FB /* CompatibilityAnalyzer.swift in Sources */,
				18BE3CE120195BEC5256EE71 /* ModelIndexer.swift in Sources */,
				AA447F6A3F81084C64DF2576 /* DiscoveryScheduler.swift in Sources */,
				7BA6B167019402C2C79FB304 /* ModelValidator.swift in Sources */,
				4E0D908345EB51406E6FD612 /* DiscoveryModels.swift in Sources */,
				E6E396F5A2E085E30EA93EDE /* DiscoveryExtensions.swift in Sources */,
				064BD17056F0DC1F50234302 /* DiscoveryUtilities.swift in Sources */,
				3F8C352EEEA90929287D91BC /* DiscoveryPerformanceProfiler.swift in Sources */,
				392086C35D8AE6B109B6B6E9 /* ModelDiscoveryDashboard.swift in Sources */,
				B34CC13A086ABA479BE7CA81 /* ModelBrowserView.swift in Sources */,
				7E7C7E36E94574789805C8FC /* RecommendationView.swift in Sources */,
				63B54B7B9DD5E3BFDCE690FB /* DiscoverySettingsView.swift in Sources */,
				59DE0567477CC0EC55D7DB64 /* DynamicModelDiscoveryEngine.swift in Sources */,
				489606D9F8E1E1ABFA46FA03 /* ModelDiscoveryEngine.swift in Sources */,
				42AF5A237896244DF66BDBF9 /* ModelRecommendationEngine.swift in Sources */,
				80655D79B0DDAF370C739DA7 /* DynamicModelDiscoveryView.swift in Sources */,
				6499E20014D9790AF411F9FB /* ModelDiscoveryDashboard.swift in Sources */,
				2DAF396FDA6B49BA3EC43F7E /* SystemPerformanceProfiler.swift in Sources */,
				5A54076CDF1D33DB5AF0D3C5 /* SystemPerformanceAnalyticsDashboard.swift in Sources */,
			);
			runOnlyForDeploymentPostprocessing = 0;
		};
/* End PBXSourcesBuildPhase section */

/* Begin XCBuildConfiguration section */
		E52D5EA32C5B1A0000000001 /* Debug */ = {
			isa = XCBuildConfiguration;
			buildSettings = {
				ALWAYS_SEARCH_USER_PATHS = NO;
				ASSETCATALOG_COMPILER_GENERATE_SWIFT_ASSET_SYMBOL_EXTENSIONS = YES;
				BUILD_LIBRARY_FOR_DISTRIBUTION = YES;
				CLANG_ANALYZER_NONNULL = YES;
				CLANG_ANALYZER_NUMBER_OBJECT_CONVERSION = YES_AGGRESSIVE;
				CLANG_CXX_LANGUAGE_STANDARD = "gnu++20";
				CLANG_ENABLE_MODULES = YES;
				CLANG_ENABLE_OBJC_ARC = YES;
				CLANG_ENABLE_OBJC_WEAK = YES;
				CLANG_WARN_BLOCK_CAPTURE_AUTORELEASING = YES;
				CLANG_WARN_BOOL_CONVERSION = YES;
				CLANG_WARN_COMMA = YES;
				CLANG_WARN_CONSTANT_CONVERSION = YES;
				CLANG_WARN_DEPRECATED_OBJC_IMPLEMENTATIONS = YES;
				CLANG_WARN_DIRECT_OBJC_ISA_USAGE = YES_ERROR;
				CLANG_WARN_DOCUMENTATION_COMMENTS = YES;
				CLANG_WARN_EMPTY_BODY = YES;
				CLANG_WARN_ENUM_CONVERSION = YES;
				CLANG_WARN_INFINITE_RECURSION = YES;
				CLANG_WARN_INT_CONVERSION = YES;
				CLANG_WARN_NON_LITERAL_NULL_CONVERSION = YES;
				CLANG_WARN_OBJC_IMPLICIT_RETAIN_SELF = YES;
				CLANG_WARN_OBJC_LITERAL_CONVERSION = YES;
				CLANG_WARN_OBJC_ROOT_CLASS = YES_ERROR;
				CLANG_WARN_QUOTED_INCLUDE_IN_FRAMEWORK_HEADER = YES;
				CLANG_WARN_RANGE_LOOP_ANALYSIS = YES;
				CLANG_WARN_STRICT_PROTOTYPES = YES;
				CLANG_WARN_SUSPICIOUS_MOVE = YES;
				CLANG_WARN_UNGUARDED_AVAILABILITY = YES_AGGRESSIVE;
				CLANG_WARN_UNREACHABLE_CODE = YES;
				CLANG_WARN__DUPLICATE_METHOD_MATCH = YES;
				COPY_PHASE_STRIP = NO;
				DEBUG_INFORMATION_FORMAT = dwarf;
				DEFINES_MODULE = YES;
				ENABLE_STRICT_OBJC_MSGSEND = YES;
				ENABLE_TESTABILITY = YES;
				ENABLE_USER_SCRIPT_SANDBOXING = YES;
				GCC_C_LANGUAGE_STANDARD = gnu17;
				GCC_DYNAMIC_NO_PIC = NO;
				GCC_NO_COMMON_BLOCKS = YES;
				GCC_OPTIMIZATION_LEVEL = 0;
				GCC_PREPROCESSOR_DEFINITIONS = (
					"DEBUG=1",
					"$(inherited)",
				);
				GCC_WARN_64_TO_32_BIT_CONVERSION = YES;
				GCC_WARN_ABOUT_RETURN_TYPE = YES_ERROR;
				GCC_WARN_UNDECLARED_SELECTOR = YES;
				GCC_WARN_UNINITIALIZED_AUTOS = YES_AGGRESSIVE;
				GCC_WARN_UNUSED_FUNCTION = YES;
				GCC_WARN_UNUSED_VARIABLE = YES;
				LOCALIZATION_PREFERS_STRING_CATALOGS = YES;
				MACOSX_DEPLOYMENT_TARGET = 14.0;
				MTL_ENABLE_DEBUG_INFO = INCLUDE_SOURCE;
				MTL_FAST_MATH = YES;
				ONLY_ACTIVE_ARCH = YES;
				SDKROOT = macosx;
				SWIFT_ACTIVE_COMPILATION_CONDITIONS = "DEBUG $(inherited)";
				SWIFT_INCLUDE_PATHS = "$(SRCROOT)";
				SWIFT_OPTIMIZATION_LEVEL = "-Onone";
			};
			name = Debug;
		};
		E52D5EA42C5B1A0000000001 /* Release */ = {
			isa = XCBuildConfiguration;
			buildSettings = {
				ALWAYS_SEARCH_USER_PATHS = NO;
				ASSETCATALOG_COMPILER_GENERATE_SWIFT_ASSET_SYMBOL_EXTENSIONS = YES;
				BUILD_LIBRARY_FOR_DISTRIBUTION = YES;
				CLANG_ANALYZER_NONNULL = YES;
				CLANG_ANALYZER_NUMBER_OBJECT_CONVERSION = YES_AGGRESSIVE;
				CLANG_CXX_LANGUAGE_STANDARD = "gnu++20";
				CLANG_ENABLE_MODULES = YES;
				CLANG_ENABLE_OBJC_ARC = YES;
				CLANG_ENABLE_OBJC_WEAK = YES;
				CLANG_WARN_BLOCK_CAPTURE_AUTORELEASING = YES;
				CLANG_WARN_BOOL_CONVERSION = YES;
				CLANG_WARN_COMMA = YES;
				CLANG_WARN_CONSTANT_CONVERSION = YES;
				CLANG_WARN_DEPRECATED_OBJC_IMPLEMENTATIONS = YES;
				CLANG_WARN_DIRECT_OBJC_ISA_USAGE = YES_ERROR;
				CLANG_WARN_DOCUMENTATION_COMMENTS = YES;
				CLANG_WARN_EMPTY_BODY = YES;
				CLANG_WARN_ENUM_CONVERSION = YES;
				CLANG_WARN_INFINITE_RECURSION = YES;
				CLANG_WARN_INT_CONVERSION = YES;
				CLANG_WARN_NON_LITERAL_NULL_CONVERSION = YES;
				CLANG_WARN_OBJC_IMPLICIT_RETAIN_SELF = YES;
				CLANG_WARN_OBJC_LITERAL_CONVERSION = YES;
				CLANG_WARN_OBJC_ROOT_CLASS = YES_ERROR;
				CLANG_WARN_QUOTED_INCLUDE_IN_FRAMEWORK_HEADER = YES;
				CLANG_WARN_RANGE_LOOP_ANALYSIS = YES;
				CLANG_WARN_STRICT_PROTOTYPES = YES;
				CLANG_WARN_SUSPICIOUS_MOVE = YES;
				CLANG_WARN_UNGUARDED_AVAILABILITY = YES_AGGRESSIVE;
				CLANG_WARN_UNREACHABLE_CODE = YES;
				CLANG_WARN__DUPLICATE_METHOD_MATCH = YES;
				COPY_PHASE_STRIP = NO;
				DEBUG_INFORMATION_FORMAT = "dwarf-with-dsym";
				DEFINES_MODULE = YES;
				ENABLE_NS_ASSERTIONS = NO;
				ENABLE_STRICT_OBJC_MSGSEND = YES;
				ENABLE_USER_SCRIPT_SANDBOXING = YES;
				GCC_C_LANGUAGE_STANDARD = gnu17;
				GCC_NO_COMMON_BLOCKS = YES;
				GCC_WARN_64_TO_32_BIT_CONVERSION = YES;
				GCC_WARN_ABOUT_RETURN_TYPE = YES_ERROR;
				GCC_WARN_UNDECLARED_SELECTOR = YES;
				GCC_WARN_UNINITIALIZED_AUTOS = YES_AGGRESSIVE;
				GCC_WARN_UNUSED_FUNCTION = YES;
				GCC_WARN_UNUSED_VARIABLE = YES;
				LOCALIZATION_PREFERS_STRING_CATALOGS = YES;
				MACOSX_DEPLOYMENT_TARGET = 14.0;
				MTL_ENABLE_DEBUG_INFO = NO;
				MTL_FAST_MATH = YES;
				SDKROOT = macosx;
				SWIFT_COMPILATION_MODE = wholemodule;
				SWIFT_INCLUDE_PATHS = "$(SRCROOT)";
			};
			name = Release;
		};
		E52D5EA62C5B1A0000000001 /* Debug */ = {
			isa = XCBuildConfiguration;
			buildSettings = {
				ASSETCATALOG_COMPILER_APPICON_NAME = AppIcon;
				ASSETCATALOG_COMPILER_GLOBAL_ACCENT_COLOR_NAME = AccentColor;
				CODE_SIGN_ENTITLEMENTS = AgenticSeek/AgenticSeek.entitlements;
				CODE_SIGN_IDENTITY = "-";
				CODE_SIGN_STYLE = Manual;
				COMBINE_HIDPI_IMAGES = YES;
				CURRENT_PROJECT_VERSION = 1;
				DEVELOPMENT_ASSET_PATHS = "\"AgenticSeek/Preview Content\"";
				ENABLE_PREVIEWS = YES;
				GENERATE_INFOPLIST_FILE = YES;
				INFOPLIST_FILE = AgenticSeek/Info.plist;
				INFOPLIST_KEY_CFBundleDisplayName = AgenticSeek;
				INFOPLIST_KEY_LSApplicationCategoryType = "public.app-category.productivity";
				INFOPLIST_KEY_NSHumanReadableCopyright = "";
				INFOPLIST_KEY_NSPrincipalClass = NSApplication;
				LD_RUNPATH_SEARCH_PATHS = (
					"$(inherited)",
					"@executable_path/../Frameworks",
				);
				MARKETING_VERSION = 1.0;
				PRODUCT_BUNDLE_IDENTIFIER = com.agenticseek.app;
				PRODUCT_NAME = "$(TARGET_NAME)";
				SWIFT_EMIT_LOC_STRINGS = YES;
				SWIFT_VERSION = 5.0;
			};
			name = Debug;
		};
		E52D5EA72C5B1A0000000001 /* Release */ = {
			isa = XCBuildConfiguration;
			buildSettings = {
				ASSETCATALOG_COMPILER_APPICON_NAME = AppIcon;
				ASSETCATALOG_COMPILER_GLOBAL_ACCENT_COLOR_NAME = AccentColor;
				CODE_SIGN_ENTITLEMENTS = AgenticSeek/AgenticSeek.entitlements;
				CODE_SIGN_IDENTITY = "-";
				CODE_SIGN_STYLE = Manual;
				COMBINE_HIDPI_IMAGES = YES;
				CURRENT_PROJECT_VERSION = 1;
				DEVELOPMENT_ASSET_PATHS = "\"AgenticSeek/Preview Content\"";
				ENABLE_PREVIEWS = YES;
				GENERATE_INFOPLIST_FILE = YES;
				INFOPLIST_FILE = AgenticSeek/Info.plist;
				INFOPLIST_KEY_CFBundleDisplayName = AgenticSeek;
				INFOPLIST_KEY_LSApplicationCategoryType = "public.app-category.productivity";
				INFOPLIST_KEY_NSHumanReadableCopyright = "";
				INFOPLIST_KEY_NSPrincipalClass = NSApplication;
				LD_RUNPATH_SEARCH_PATHS = (
					"$(inherited)",
					"@executable_path/../Frameworks",
				);
				MARKETING_VERSION = 1.0;
				PRODUCT_BUNDLE_IDENTIFIER = com.agenticseek.app;
				PRODUCT_NAME = "$(TARGET_NAME)";
				SWIFT_EMIT_LOC_STRINGS = YES;
				SWIFT_VERSION = 5.0;
			};
			name = Release;
		};
/* End XCBuildConfiguration section */

/* Begin XCConfigurationList section */
		E52D5E912C5B1A0000000001 /* Build configuration list for PBXProject "AgenticSeek" */ = {
			isa = XCConfigurationList;
			buildConfigurations = (
				E52D5EA32C5B1A0000000001 /* Debug */,
				E52D5EA42C5B1A0000000001 /* Release */,
			);
			defaultConfigurationIsVisible = 0;
			defaultConfigurationName = Release;
		};
		E52D5EA52C5B1A0000000001 /* Build configuration list for PBXNativeTarget "AgenticSeek" */ = {
			isa = XCConfigurationList;
			buildConfigurations = (
				E52D5EA62C5B1A0000000001 /* Debug */,
				E52D5EA72C5B1A0000000001 /* Release */,
			);
			defaultConfigurationIsVisible = 0;
			defaultConfigurationName = Release;
		};
/* End XCConfigurationList section */
	};
	rootObject = E52D5E8E2C5B1A0000000001 /* Project object */;
}
