// !$*UTF8*$!
{
	archiveVersion = 1;
	classes = {
	};
	objectVersion = 56;
	objects = {

/* Begin PBXBuildFile section */
		09B9F7D160CF8F8E3E641320 /* MenuBarManager.swift in Sources */ = {isa = PBXBuildFile; fileRef = E52D5EAA2C5B1A2000000001 /* MenuBarManager.swift */; };
		1600DF57F5F1513B0F22CE16 /* SingleAgentBenchmark.swift in Sources */ = {isa = PBXBuildFile; fileRef = D8363C7DFE83B4FBE0E7DC21 /* SingleAgentBenchmark.swift */; };
		18B0A87BFE92C7BB0A1FA8B2 /* ServiceManager.swift in Sources */ = {isa = PBXBuildFile; fileRef = E52D5EAC2C5B1A3000000001 /* ServiceManager.swift */; };
		1955615A94D2DFD3723898FD /* SingleAgentModeView.swift in Sources */ = {isa = PBXBuildFile; fileRef = 9C65A4B0634EF2D9869E8FBC /* SingleAgentModeView.swift */; };
		2589958B9545AB7993941D3C /* ChatbotInterface.swift in Sources */ = {isa = PBXBuildFile; fileRef = 93985127131B7311DC7F6949 /* ChatbotInterface.swift */; };
		2C8A1EBE46BECCAB86013B1F /* OnboardingManager.swift in Sources */ = {isa = PBXBuildFile; fileRef = 1E0E21B31F40D829BD0C70CD /* OnboardingManager.swift */; };
		3A8477E7A41EAD8AC5BA5BBA /* MLACSCoordinator.swift in Sources */ = {isa = PBXBuildFile; fileRef = CFCCE5DAAFEEA82D805173D1 /* MLACSCoordinator.swift */; };
		3DD048D274677170BF0195A9 /* OfflineQualityAssurance.swift in Sources */ = {isa = PBXBuildFile; fileRef = 090B6C29CCCF823CA4F0FAD9 /* OfflineQualityAssurance.swift */; };
		3E0ECE7689D3352F71EB86E7 /* ChatbotModels.swift in Sources */ = {isa = PBXBuildFile; fileRef = 080422F1FE12C03B0F68390C /* ChatbotModels.swift */; };
		40AD185FB2E4AFC3ABD00CF3 /* ModelCompatibilityAnalyzer.swift in Sources */ = {isa = PBXBuildFile; fileRef = CDDCBEECF54B8AF34ED3A9AF /* ModelCompatibilityAnalyzer.swift */; };
		48DE0A7C068F0DF3CECF98E1 /* MLACSModeManager.swift in Sources */ = {isa = PBXBuildFile; fileRef = 2DB1E2D242A1CD9682B94AB2 /* MLACSModeManager.swift */; };
		51713AF366079CFF22B4200F /* SystemPerformanceAnalyzer.swift in Sources */ = {isa = PBXBuildFile; fileRef = 5A64A86A12B7B607B90FDAF5 /* SystemPerformanceAnalyzer.swift */; };
		54F9A407A7DD20F29A324B26 /* OfflineAgentCoordinator.swift in Sources */ = {isa = PBXBuildFile; fileRef = 69AC68B087E6B8C20771A3AF /* OfflineAgentCoordinator.swift */; };
		5589EDAB951E4273826CD280 /* LocalContextManager.swift in Sources */ = {isa = PBXBuildFile; fileRef = 4233E5819507EA4A7C8D806A /* LocalContextManager.swift */; };
		55C008E31556E2807C6AF005 /* OnboardingFlow.swift in Sources */ = {isa = PBXBuildFile; fileRef = ECCA9E010EA3B05A2071AF7E /* OnboardingFlow.swift */; };
		6680C406915DC92809991EEC /* ModelPerformanceOptimizer.swift in Sources */ = {isa = PBXBuildFile; fileRef = 4F6A8A8F92B8B44954C8A1EC /* ModelPerformanceOptimizer.swift */; };
		6B87E50F8E5636B1F22B003B /* MLACSInfoDissemination.swift in Sources */ = {isa = PBXBuildFile; fileRef = 1808B4C669A9CF60A8F96D99 /* MLACSInfoDissemination.swift */; };
		8FC610B6BA5AEFDA1F92C520 /* MLACSEnhancedInterface.swift in Sources */ = {isa = PBXBuildFile; fileRef = 8F71DD8F391F27FD0C32A184 /* MLACSEnhancedInterface.swift */; };
		B37FAD6A2C72981665C72F2C /* ProductionComponents.swift in Sources */ = {isa = PBXBuildFile; fileRef = 64D38A0144E1C48B8A7DB140 /* ProductionComponents.swift */; };
		B5684E88A762D163076E946E /* MLACSInfoFlowView.swift in Sources */ = {isa = PBXBuildFile; fileRef = D6118BBFDC6201C0E76B585A /* MLACSInfoFlowView.swift */; };
		C65B78118A6E95ED3826F5E7 /* SingleAgentUXValidator.swift in Sources */ = {isa = PBXBuildFile; fileRef = 553F9E3C0D62F010818C9B25 /* SingleAgentUXValidator.swift */; };
		D8F0DB01A23526D60A06480B /* OllamaDetector.swift in Sources */ = {isa = PBXBuildFile; fileRef = B4B929DDA20DA0B9D74D4EF8 /* OllamaDetector.swift */; };
		DA0505222DF2FF7B9FD7CC90 /* GenericModelScanner.swift in Sources */ = {isa = PBXBuildFile; fileRef = 2EAD3B4BAF95052FE1E8FEA6 /* GenericModelScanner.swift */; };
		E52D5E9A2C5B1A0000000001 /* AgenticSeekApp.swift in Sources */ = {isa = PBXBuildFile; fileRef = E52D5E992C5B1A0000000001 /* AgenticSeekApp.swift */; };
		E52D5E9C2C5B1A0000000001 /* ContentView.swift in Sources */ = {isa = PBXBuildFile; fileRef = E52D5E9B2C5B1A0000000001 /* ContentView.swift */; };
		E52D5E9E2C5B1A0000000001 /* Assets.xcassets in Resources */ = {isa = PBXBuildFile; fileRef = E52D5E9D2C5B1A0000000001 /* Assets.xcassets */; };
		E52D5EA12C5B1A0000000001 /* Preview Assets.xcassets in Resources */ = {isa = PBXBuildFile; fileRef = E52D5EA02C5B1A0000000001 /* Preview Assets.xcassets */; };
		EBD6522CA3F378E777672305 /* LMStudioDetector.swift in Sources */ = {isa = PBXBuildFile; fileRef = 1106CE7E6D12EA2B2C1A8C9B /* LMStudioDetector.swift */; };
		FC069B5F2C61921300F29B85 /* DesignSystem.swift in Sources */ = {isa = PBXBuildFile; fileRef = FC069B5E2C61921300F29B85 /* DesignSystem.swift */; };
		FC069B612C61921300F29B85 /* Strings.swift in Sources */ = {isa = PBXBuildFile; fileRef = FC069B602C61921300F29B85 /* Strings.swift */; };
/* End PBXBuildFile section */

/* Begin PBXFileReference section */
		010961EED4401BF6B6E6C6D1 /* AuthenticationManager.swift */ = {isa = PBXFileReference; includeInIndex = 1; lastKnownFileType = sourcecode.swift; path = AuthenticationManager.swift; sourceTree = "<group>"; };
		080422F1FE12C03B0F68390C /* ChatbotModels.swift */ = {isa = PBXFileReference; includeInIndex = 1; lastKnownFileType = sourcecode.swift; path = ChatbotModels.swift; sourceTree = "<group>"; };
		090B6C29CCCF823CA4F0FAD9 /* OfflineQualityAssurance.swift */ = {isa = PBXFileReference; includeInIndex = 1; lastKnownFileType = sourcecode.swift; name = OfflineQualityAssurance.swift; path = OfflineQualityAssurance.swift; sourceTree = "<group>"; };
		1106CE7E6D12EA2B2C1A8C9B /* LMStudioDetector.swift */ = {isa = PBXFileReference; includeInIndex = 1; lastKnownFileType = sourcecode.swift; name = LMStudioDetector.swift; path = LMStudioDetector.swift; sourceTree = "<group>"; };
		12CEEA9AAB3EF9451E1E4E47 /* SpeculativeDecodingCoordinator.swift */ = {isa = PBXFileReference; includeInIndex = 1; lastKnownFileType = sourcecode.swift; path = SpeculativeDecodingCoordinator.swift; sourceTree = "<group>"; };
		1507DABAB2339FFBB5C5CA29 /* PerformanceOptimizedComponents.swift */ = {isa = PBXFileReference; includeInIndex = 1; lastKnownFileType = sourcecode.swift; path = PerformanceOptimizedComponents.swift; sourceTree = "<group>"; };
		168E1038C9E61ACB5545A560 /* VoiceAICore.swift */ = {isa = PBXFileReference; includeInIndex = 1; lastKnownFileType = sourcecode.swift; path = VoiceAICore.swift; sourceTree = "<group>"; };
		1808B4C669A9CF60A8F96D99 /* MLACSInfoDissemination.swift */ = {isa = PBXFileReference; includeInIndex = 1; lastKnownFileType = sourcecode.swift; path = MLACSInfoDissemination.swift; sourceTree = "<group>"; };
		1E0E21B31F40D829BD0C70CD /* OnboardingManager.swift */ = {isa = PBXFileReference; includeInIndex = 1; lastKnownFileType = sourcecode.swift; path = OnboardingManager.swift; sourceTree = "<group>"; };
		2DB1E2D242A1CD9682B94AB2 /* MLACSModeManager.swift */ = {isa = PBXFileReference; includeInIndex = 1; lastKnownFileType = sourcecode.swift; name = MLACSModeManager.swift; path = MLACSModeManager.swift; sourceTree = "<group>"; };
		2EAD3B4BAF95052FE1E8FEA6 /* GenericModelScanner.swift */ = {isa = PBXFileReference; includeInIndex = 1; lastKnownFileType = sourcecode.swift; name = GenericModelScanner.swift; path = GenericModelScanner.swift; sourceTree = "<group>"; };
		4233E5819507EA4A7C8D806A /* LocalContextManager.swift */ = {isa = PBXFileReference; includeInIndex = 1; lastKnownFileType = sourcecode.swift; name = LocalContextManager.swift; path = LocalContextManager.swift; sourceTree = "<group>"; };
		45370F70B7EFCAD556DC167B /* RealChatInterface.swift */ = {isa = PBXFileReference; includeInIndex = 1; lastKnownFileType = sourcecode.swift; path = RealChatInterface.swift; sourceTree = "<group>"; };
		4AC0F215FB15F0DD96E0AAC2 /* MinimalWorkingChatbot.swift */ = {isa = PBXFileReference; includeInIndex = 1; lastKnownFileType = sourcecode.swift; path = MinimalWorkingChatbot.swift; sourceTree = "<group>"; };
		4F6A8A8F92B8B44954C8A1EC /* ModelPerformanceOptimizer.swift */ = {isa = PBXFileReference; includeInIndex = 1; lastKnownFileType = sourcecode.swift; name = ModelPerformanceOptimizer.swift; path = ModelPerformanceOptimizer.swift; sourceTree = "<group>"; };
		553F9E3C0D62F010818C9B25 /* SingleAgentUXValidator.swift */ = {isa = PBXFileReference; includeInIndex = 1; lastKnownFileType = sourcecode.swift; name = SingleAgentUXValidator.swift; path = SingleAgentUXValidator.swift; sourceTree = "<group>"; };
		5765024E71DF640888EF218F /* AppNavigationView.swift */ = {isa = PBXFileReference; includeInIndex = 1; lastKnownFileType = sourcecode.swift; path = AppNavigationView.swift; sourceTree = "<group>"; };
		5A64A86A12B7B607B90FDAF5 /* SystemPerformanceAnalyzer.swift */ = {isa = PBXFileReference; includeInIndex = 1; lastKnownFileType = sourcecode.swift; name = SystemPerformanceAnalyzer.swift; path = SystemPerformanceAnalyzer.swift; sourceTree = "<group>"; };
		64D38A0144E1C48B8A7DB140 /* ProductionComponents.swift */ = {isa = PBXFileReference; includeInIndex = 1; lastKnownFileType = sourcecode.swift; path = ProductionComponents.swift; sourceTree = "<group>"; };
		69AC68B087E6B8C20771A3AF /* OfflineAgentCoordinator.swift */ = {isa = PBXFileReference; includeInIndex = 1; lastKnownFileType = sourcecode.swift; name = OfflineAgentCoordinator.swift; path = OfflineAgentCoordinator.swift; sourceTree = "<group>"; };
		6C2C46858A47CA927DF2C9D5 /* VoiceAICore.swift */ = {isa = PBXFileReference; includeInIndex = 1; lastKnownFileType = sourcecode.swift; path = AgenticSeek/Core/VoiceAICore.swift; sourceTree = SOURCE_ROOT; };
		72B3B76E7B250DFD4D7F6366 /* PerformanceAnalyticsView.swift */ = {isa = PBXFileReference; includeInIndex = 1; lastKnownFileType = sourcecode.swift; path = PerformanceAnalyticsView.swift; sourceTree = "<group>"; };
		880CCB08000607F69036E54C /* ModelSelectionView.swift */ = {isa = PBXFileReference; includeInIndex = 1; lastKnownFileType = sourcecode.swift; path = ModelSelectionView.swift; sourceTree = "<group>"; };
		8CD477DD82DD5D44DE7981F0 /* EnhancedContentView.swift */ = {isa = PBXFileReference; includeInIndex = 1; lastKnownFileType = sourcecode.swift; path = EnhancedContentView.swift; sourceTree = "<group>"; };
		8F71DD8F391F27FD0C32A184 /* MLACSEnhancedInterface.swift */ = {isa = PBXFileReference; includeInIndex = 1; lastKnownFileType = sourcecode.swift; name = MLACSEnhancedInterface.swift; path = MLACSEnhancedInterface.swift; sourceTree = "<group>"; };
		93985127131B7311DC7F6949 /* ChatbotInterface.swift */ = {isa = PBXFileReference; includeInIndex = 1; lastKnownFileType = sourcecode.swift; path = ChatbotInterface.swift; sourceTree = "<group>"; };
		9C65A4B0634EF2D9869E8FBC /* SingleAgentModeView.swift */ = {isa = PBXFileReference; includeInIndex = 1; lastKnownFileType = sourcecode.swift; name = SingleAgentModeView.swift; path = SingleAgentModeView.swift; sourceTree = "<group>"; };
		9E2354BCC7D3C229D89FDDF6 /* SandboxComponents.swift */ = {isa = PBXFileReference; includeInIndex = 1; lastKnownFileType = sourcecode.swift; path = SandboxComponents.swift; sourceTree = "<group>"; };
		9F50D575637912CEAFECEB9E /* SimpleWorkingChatbot.swift */ = {isa = PBXFileReference; includeInIndex = 1; lastKnownFileType = sourcecode.swift; path = SimpleWorkingChatbot.swift; sourceTree = "<group>"; };
		A8D28264616202849E3706F4 /* OptimizedModelManagementView.swift */ = {isa = PBXFileReference; includeInIndex = 1; lastKnownFileType = sourcecode.swift; path = OptimizedModelManagementView.swift; sourceTree = "<group>"; };
		B4B929DDA20DA0B9D74D4EF8 /* OllamaDetector.swift */ = {isa = PBXFileReference; includeInIndex = 1; lastKnownFileType = sourcecode.swift; name = OllamaDetector.swift; path = OllamaDetector.swift; sourceTree = "<group>"; };
		BBBDAD88A9679EBAA9F37F90 /* VoiceAIBridge.swift */ = {isa = PBXFileReference; includeInIndex = 1; lastKnownFileType = sourcecode.swift; path = AgenticSeek/Core/VoiceAIBridge.swift; sourceTree = SOURCE_ROOT; };
		CDDCBEECF54B8AF34ED3A9AF /* ModelCompatibilityAnalyzer.swift */ = {isa = PBXFileReference; includeInIndex = 1; lastKnownFileType = sourcecode.swift; name = ModelCompatibilityAnalyzer.swift; path = ModelCompatibilityAnalyzer.swift; sourceTree = "<group>"; };
		CEA88B12F2EAC939DF56CA58 /* SpeculativeDecodingEngine.swift */ = {isa = PBXFileReference; includeInIndex = 1; lastKnownFileType = sourcecode.swift; path = SpeculativeDecodingEngine.swift; sourceTree = "<group>"; };
		CFCCE5DAAFEEA82D805173D1 /* MLACSCoordinator.swift */ = {isa = PBXFileReference; includeInIndex = 1; lastKnownFileType = sourcecode.swift; name = MLACSCoordinator.swift; path = MLACSCoordinator.swift; sourceTree = "<group>"; };
		D6118BBFDC6201C0E76B585A /* MLACSInfoFlowView.swift */ = {isa = PBXFileReference; includeInIndex = 1; lastKnownFileType = sourcecode.swift; path = MLACSInfoFlowView.swift; sourceTree = "<group>"; };
		D765C9438ACFC4388E750695 /* RejectionSamplingEngine.swift */ = {isa = PBXFileReference; includeInIndex = 1; lastKnownFileType = sourcecode.swift; path = RejectionSamplingEngine.swift; sourceTree = "<group>"; };
		D8363C7DFE83B4FBE0E7DC21 /* SingleAgentBenchmark.swift */ = {isa = PBXFileReference; includeInIndex = 1; lastKnownFileType = sourcecode.swift; name = SingleAgentBenchmark.swift; path = SingleAgentBenchmark.swift; sourceTree = "<group>"; };
		E52D5E962C5B1A0000000001 /* AgenticSeek.app */ = {isa = PBXFileReference; explicitFileType = wrapper.application; includeInIndex = 0; path = AgenticSeek.app; sourceTree = BUILT_PRODUCTS_DIR; };
		E52D5E992C5B1A0000000001 /* AgenticSeekApp.swift */ = {isa = PBXFileReference; lastKnownFileType = sourcecode.swift; path = AgenticSeekApp.swift; sourceTree = "<group>"; };
		E52D5E9B2C5B1A0000000001 /* ContentView.swift */ = {isa = PBXFileReference; lastKnownFileType = sourcecode.swift; path = ContentView.swift; sourceTree = "<group>"; };
		E52D5E9D2C5B1A0000000001 /* Assets.xcassets */ = {isa = PBXFileReference; lastKnownFileType = folder.assetcatalog; path = Assets.xcassets; sourceTree = "<group>"; };
		E52D5EA02C5B1A0000000001 /* Preview Assets.xcassets */ = {isa = PBXFileReference; lastKnownFileType = folder.assetcatalog; path = "Preview Assets.xcassets"; sourceTree = "<group>"; };
		E52D5EA22C5B1A0000000001 /* AgenticSeek.entitlements */ = {isa = PBXFileReference; lastKnownFileType = text.plist.entitlements; path = AgenticSeek.entitlements; sourceTree = "<group>"; };
		E52D5EA82C5B1A1000000001 /* WebViewManager.swift */ = {isa = PBXFileReference; lastKnownFileType = sourcecode.swift; path = WebViewManager.swift; sourceTree = "<group>"; };
		E52D5EAA2C5B1A2000000001 /* MenuBarManager.swift */ = {isa = PBXFileReference; lastKnownFileType = sourcecode.swift; path = MenuBarManager.swift; sourceTree = "<group>"; };
		E52D5EAC2C5B1A3000000001 /* ServiceManager.swift */ = {isa = PBXFileReference; lastKnownFileType = sourcecode.swift; path = ServiceManager.swift; sourceTree = "<group>"; };
		E52D5EAE2C5B1A5000000001 /* ModelManagementView.swift */ = {isa = PBXFileReference; lastKnownFileType = sourcecode.swift; path = ModelManagementView.swift; sourceTree = "<group>"; };
		E52D5EB02C5B1A6000000001 /* ConfigurationView.swift */ = {isa = PBXFileReference; lastKnownFileType = sourcecode.swift; path = ConfigurationView.swift; sourceTree = "<group>"; };
		E52D5EB22C5B1A7000000001 /* ProductionUIModals.swift */ = {isa = PBXFileReference; lastKnownFileType = sourcecode.swift; path = ProductionUIModals.swift; sourceTree = "<group>"; };
		E52D5EB42C5B1A4000000001 /* Info.plist */ = {isa = PBXFileReference; lastKnownFileType = text.plist.xml; path = Info.plist; sourceTree = "<group>"; };
		ECCA9E010EA3B05A2071AF7E /* OnboardingFlow.swift */ = {isa = PBXFileReference; includeInIndex = 1; lastKnownFileType = sourcecode.swift; path = OnboardingFlow.swift; sourceTree = "<group>"; };
		EF3814DD34ACAA0B8E47B93D /* VoiceAIBridge.swift */ = {isa = PBXFileReference; includeInIndex = 1; lastKnownFileType = sourcecode.swift; path = VoiceAIBridge.swift; sourceTree = "<group>"; };
		FC069B5E2C61921300F29B85 /* DesignSystem.swift */ = {isa = PBXFileReference; lastKnownFileType = sourcecode.swift; path = DesignSystem.swift; sourceTree = "<group>"; };
		FC069B602C61921300F29B85 /* Strings.swift */ = {isa = PBXFileReference; lastKnownFileType = sourcecode.swift; path = Strings.swift; sourceTree = "<group>"; };
/* End PBXFileReference section */

/* Begin PBXFrameworksBuildPhase section */
		E52D5E932C5B1A0000000001 /* Frameworks */ = {
			isa = PBXFrameworksBuildPhase;
			buildActionMask = 2147483647;
			files = (
			);
			runOnlyForDeploymentPostprocessing = 0;
		};
/* End PBXFrameworksBuildPhase section */

/* Begin PBXGroup section */
		5EA5898C486B0B6F85BB91CE /* SingleAgentMode */ = {
			isa = PBXGroup;
			children = (
				9C65A4B0634EF2D9869E8FBC /* SingleAgentModeView.swift */,
				2EAD3B4BAF95052FE1E8FEA6 /* GenericModelScanner.swift */,
				1106CE7E6D12EA2B2C1A8C9B /* LMStudioDetector.swift */,
				4233E5819507EA4A7C8D806A /* LocalContextManager.swift */,
				2DB1E2D242A1CD9682B94AB2 /* MLACSModeManager.swift */,
				CDDCBEECF54B8AF34ED3A9AF /* ModelCompatibilityAnalyzer.swift */,
				4F6A8A8F92B8B44954C8A1EC /* ModelPerformanceOptimizer.swift */,
				69AC68B087E6B8C20771A3AF /* OfflineAgentCoordinator.swift */,
				090B6C29CCCF823CA4F0FAD9 /* OfflineQualityAssurance.swift */,
				B4B929DDA20DA0B9D74D4EF8 /* OllamaDetector.swift */,
				D8363C7DFE83B4FBE0E7DC21 /* SingleAgentBenchmark.swift */,
				553F9E3C0D62F010818C9B25 /* SingleAgentUXValidator.swift */,
				5A64A86A12B7B607B90FDAF5 /* SystemPerformanceAnalyzer.swift */,
			);
			name = SingleAgentMode;
			sourceTree = "<group>";
		};
		E52D5E8D2C5B1A0000000001 = {
			isa = PBXGroup;
			children = (
				E52D5E982C5B1A0000000001 /* AgenticSeek */,
				E52D5E972C5B1A0000000001 /* Products */,
			);
			sourceTree = "<group>";
		};
		E52D5E972C5B1A0000000001 /* Products */ = {
			isa = PBXGroup;
			children = (
				E52D5E962C5B1A0000000001 /* AgenticSeek.app */,
			);
			name = Products;
			sourceTree = "<group>";
		};
		E52D5E982C5B1A0000000001 /* AgenticSeek */ = {
			isa = PBXGroup;
			children = (
				E52D5EB42C5B1A4000000001 /* Info.plist */,
				E52D5E992C5B1A0000000001 /* AgenticSeekApp.swift */,
				E52D5E9B2C5B1A0000000001 /* ContentView.swift */,
				E52D5EA82C5B1A1000000001 /* WebViewManager.swift */,
				E52D5EAA2C5B1A2000000001 /* MenuBarManager.swift */,
				E52D5EAC2C5B1A3000000001 /* ServiceManager.swift */,
				E52D5EAE2C5B1A5000000001 /* ModelManagementView.swift */,
				E52D5EB02C5B1A6000000001 /* ConfigurationView.swift */,
				E52D5EB22C5B1A7000000001 /* ProductionUIModals.swift */,
				FC069B5E2C61921300F29B85 /* DesignSystem.swift */,
				FC069B602C61921300F29B85 /* Strings.swift */,
				E52D5E9D2C5B1A0000000001 /* Assets.xcassets */,
				E52D5EA22C5B1A0000000001 /* AgenticSeek.entitlements */,
				E52D5E9F2C5B1A0000000001 /* Preview Content */,
				1E0E21B31F40D829BD0C70CD /* OnboardingManager.swift */,
				ECCA9E010EA3B05A2071AF7E /* OnboardingFlow.swift */,
				010961EED4401BF6B6E6C6D1 /* AuthenticationManager.swift */,
				5765024E71DF640888EF218F /* AppNavigationView.swift */,
				93985127131B7311DC7F6949 /* ChatbotInterface.swift */,
				080422F1FE12C03B0F68390C /* ChatbotModels.swift */,
				880CCB08000607F69036E54C /* ModelSelectionView.swift */,
				72B3B76E7B250DFD4D7F6366 /* PerformanceAnalyticsView.swift */,
				1507DABAB2339FFBB5C5CA29 /* PerformanceOptimizedComponents.swift */,
				64D38A0144E1C48B8A7DB140 /* ProductionComponents.swift */,
				45370F70B7EFCAD556DC167B /* RealChatInterface.swift */,
				8CD477DD82DD5D44DE7981F0 /* EnhancedContentView.swift */,
				A8D28264616202849E3706F4 /* OptimizedModelManagementView.swift */,
				168E1038C9E61ACB5545A560 /* VoiceAICore.swift */,
				EF3814DD34ACAA0B8E47B93D /* VoiceAIBridge.swift */,
				4AC0F215FB15F0DD96E0AAC2 /* MinimalWorkingChatbot.swift */,
				9F50D575637912CEAFECEB9E /* SimpleWorkingChatbot.swift */,
				D765C9438ACFC4388E750695 /* RejectionSamplingEngine.swift */,
				12CEEA9AAB3EF9451E1E4E47 /* SpeculativeDecodingCoordinator.swift */,
				CEA88B12F2EAC939DF56CA58 /* SpeculativeDecodingEngine.swift */,
				9E2354BCC7D3C229D89FDDF6 /* SandboxComponents.swift */,
				EAB8553B5AE8A0C862E425F5 /* Core */,
				1808B4C669A9CF60A8F96D99 /* MLACSInfoDissemination.swift */,
				D6118BBFDC6201C0E76B585A /* MLACSInfoFlowView.swift */,
				8F71DD8F391F27FD0C32A184 /* MLACSEnhancedInterface.swift */,
				CFCCE5DAAFEEA82D805173D1 /* MLACSCoordinator.swift */,
				5EA5898C486B0B6F85BB91CE /* SingleAgentMode */,
			);
			path = AgenticSeek;
			sourceTree = "<group>";
		};
		E52D5E9F2C5B1A0000000001 /* Preview Content */ = {
			isa = PBXGroup;
			children = (
				E52D5EA02C5B1A0000000001 /* Preview Assets.xcassets */,
			);
			path = "Preview Content";
			sourceTree = "<group>";
		};
		EAB8553B5AE8A0C862E425F5 /* Core */ = {
			isa = PBXGroup;
			children = (
				6C2C46858A47CA927DF2C9D5 /* VoiceAICore.swift */,
				BBBDAD88A9679EBAA9F37F90 /* VoiceAIBridge.swift */,
			);
			name = Core;
			sourceTree = "<group>";
		};
/* End PBXGroup section */

/* Begin PBXNativeTarget section */
		E52D5E952C5B1A0000000001 /* AgenticSeek */ = {
			isa = PBXNativeTarget;
			buildConfigurationList = E52D5EA52C5B1A0000000001 /* Build configuration list for PBXNativeTarget "AgenticSeek" */;
			buildPhases = (
				E52D5E922C5B1A0000000001 /* Sources */,
				E52D5E932C5B1A0000000001 /* Frameworks */,
				E52D5E942C5B1A0000000001 /* Resources */,
			);
			buildRules = (
			);
			dependencies = (
			);
			name = AgenticSeek;
			productName = AgenticSeek;
			productReference = E52D5E962C5B1A0000000001 /* AgenticSeek.app */;
			productType = "com.apple.product-type.application";
		};
/* End PBXNativeTarget section */

/* Begin PBXProject section */
		E52D5E8E2C5B1A0000000001 /* Project object */ = {
			isa = PBXProject;
			attributes = {
				BuildIndependentTargetsInParallel = 1;
				LastSwiftUpdateCheck = 1540;
				LastUpgradeCheck = 1540;
				TargetAttributes = {
					E52D5E952C5B1A0000000001 = {
						CreatedOnToolsVersion = 15.4;
					};
				};
			};
			buildConfigurationList = E52D5E912C5B1A0000000001 /* Build configuration list for PBXProject "AgenticSeek" */;
			compatibilityVersion = "Xcode 14.0";
			developmentRegion = en;
			hasScannedForEncodings = 0;
			knownRegions = (
				en,
				Base,
			);
			mainGroup = E52D5E8D2C5B1A0000000001;
			productRefGroup = E52D5E972C5B1A0000000001 /* Products */;
			projectDirPath = "";
			projectRoot = "";
			targets = (
				E52D5E952C5B1A0000000001 /* AgenticSeek */,
			);
		};
/* End PBXProject section */

/* Begin PBXResourcesBuildPhase section */
		E52D5E942C5B1A0000000001 /* Resources */ = {
			isa = PBXResourcesBuildPhase;
			buildActionMask = 2147483647;
			files = (
				E52D5EA12C5B1A0000000001 /* Preview Assets.xcassets in Resources */,
				E52D5E9E2C5B1A0000000001 /* Assets.xcassets in Resources */,
			);
			runOnlyForDeploymentPostprocessing = 0;
		};
/* End PBXResourcesBuildPhase section */

/* Begin PBXSourcesBuildPhase section */
		E52D5E922C5B1A0000000001 /* Sources */ = {
			isa = PBXSourcesBuildPhase;
			buildActionMask = 2147483647;
			files = (
				E52D5E9C2C5B1A0000000001 /* ContentView.swift in Sources */,
				E52D5E9A2C5B1A0000000001 /* AgenticSeekApp.swift in Sources */,
				FC069B5F2C61921300F29B85 /* DesignSystem.swift in Sources */,
				FC069B612C61921300F29B85 /* Strings.swift in Sources */,
				2C8A1EBE46BECCAB86013B1F /* OnboardingManager.swift in Sources */,
				55C008E31556E2807C6AF005 /* OnboardingFlow.swift in Sources */,
				18B0A87BFE92C7BB0A1FA8B2 /* ServiceManager.swift in Sources */,
				09B9F7D160CF8F8E3E641320 /* MenuBarManager.swift in Sources */,
				B37FAD6A2C72981665C72F2C /* ProductionComponents.swift in Sources */,
				2589958B9545AB7993941D3C /* ChatbotInterface.swift in Sources */,
				3E0ECE7689D3352F71EB86E7 /* ChatbotModels.swift in Sources */,
				3A8477E7A41EAD8AC5BA5BBA /* MLACSCoordinator.swift in Sources */,
				8FC610B6BA5AEFDA1F92C520 /* MLACSEnhancedInterface.swift in Sources */,
				6B87E50F8E5636B1F22B003B /* MLACSInfoDissemination.swift in Sources */,
				B5684E88A762D163076E946E /* MLACSInfoFlowView.swift in Sources */,
				1955615A94D2DFD3723898FD /* SingleAgentModeView.swift in Sources */,
				DA0505222DF2FF7B9FD7CC90 /* GenericModelScanner.swift in Sources */,
				EBD6522CA3F378E777672305 /* LMStudioDetector.swift in Sources */,
				5589EDAB951E4273826CD280 /* LocalContextManager.swift in Sources */,
				48DE0A7C068F0DF3CECF98E1 /* MLACSModeManager.swift in Sources */,
				40AD185FB2E4AFC3ABD00CF3 /* ModelCompatibilityAnalyzer.swift in Sources */,
				6680C406915DC92809991EEC /* ModelPerformanceOptimizer.swift in Sources */,
				54F9A407A7DD20F29A324B26 /* OfflineAgentCoordinator.swift in Sources */,
				3DD048D274677170BF0195A9 /* OfflineQualityAssurance.swift in Sources */,
				D8F0DB01A23526D60A06480B /* OllamaDetector.swift in Sources */,
				1600DF57F5F1513B0F22CE16 /* SingleAgentBenchmark.swift in Sources */,
				C65B78118A6E95ED3826F5E7 /* SingleAgentUXValidator.swift in Sources */,
				51713AF366079CFF22B4200F /* SystemPerformanceAnalyzer.swift in Sources */,
			);
			runOnlyForDeploymentPostprocessing = 0;
		};
/* End PBXSourcesBuildPhase section */

/* Begin XCBuildConfiguration section */
		E52D5EA32C5B1A0000000001 /* Debug */ = {
			isa = XCBuildConfiguration;
			buildSettings = {
				ALWAYS_SEARCH_USER_PATHS = NO;
				ASSETCATALOG_COMPILER_GENERATE_SWIFT_ASSET_SYMBOL_EXTENSIONS = YES;
				BUILD_LIBRARY_FOR_DISTRIBUTION = YES;
				CLANG_ANALYZER_NONNULL = YES;
				CLANG_ANALYZER_NUMBER_OBJECT_CONVERSION = YES_AGGRESSIVE;
				CLANG_CXX_LANGUAGE_STANDARD = "gnu++20";
				CLANG_ENABLE_MODULES = YES;
				CLANG_ENABLE_OBJC_ARC = YES;
				CLANG_ENABLE_OBJC_WEAK = YES;
				CLANG_WARN_BLOCK_CAPTURE_AUTORELEASING = YES;
				CLANG_WARN_BOOL_CONVERSION = YES;
				CLANG_WARN_COMMA = YES;
				CLANG_WARN_CONSTANT_CONVERSION = YES;
				CLANG_WARN_DEPRECATED_OBJC_IMPLEMENTATIONS = YES;
				CLANG_WARN_DIRECT_OBJC_ISA_USAGE = YES_ERROR;
				CLANG_WARN_DOCUMENTATION_COMMENTS = YES;
				CLANG_WARN_EMPTY_BODY = YES;
				CLANG_WARN_ENUM_CONVERSION = YES;
				CLANG_WARN_INFINITE_RECURSION = YES;
				CLANG_WARN_INT_CONVERSION = YES;
				CLANG_WARN_NON_LITERAL_NULL_CONVERSION = YES;
				CLANG_WARN_OBJC_IMPLICIT_RETAIN_SELF = YES;
				CLANG_WARN_OBJC_LITERAL_CONVERSION = YES;
				CLANG_WARN_OBJC_ROOT_CLASS = YES_ERROR;
				CLANG_WARN_QUOTED_INCLUDE_IN_FRAMEWORK_HEADER = YES;
				CLANG_WARN_RANGE_LOOP_ANALYSIS = YES;
				CLANG_WARN_STRICT_PROTOTYPES = YES;
				CLANG_WARN_SUSPICIOUS_MOVE = YES;
				CLANG_WARN_UNGUARDED_AVAILABILITY = YES_AGGRESSIVE;
				CLANG_WARN_UNREACHABLE_CODE = YES;
				CLANG_WARN__DUPLICATE_METHOD_MATCH = YES;
				COPY_PHASE_STRIP = NO;
				DEBUG_INFORMATION_FORMAT = dwarf;
				DEFINES_MODULE = YES;
				ENABLE_STRICT_OBJC_MSGSEND = YES;
				ENABLE_TESTABILITY = YES;
				ENABLE_USER_SCRIPT_SANDBOXING = YES;
				GCC_C_LANGUAGE_STANDARD = gnu17;
				GCC_DYNAMIC_NO_PIC = NO;
				GCC_NO_COMMON_BLOCKS = YES;
				GCC_OPTIMIZATION_LEVEL = 0;
				GCC_PREPROCESSOR_DEFINITIONS = (
					"DEBUG=1",
					"$(inherited)",
				);
				GCC_WARN_64_TO_32_BIT_CONVERSION = YES;
				GCC_WARN_ABOUT_RETURN_TYPE = YES_ERROR;
				GCC_WARN_UNDECLARED_SELECTOR = YES;
				GCC_WARN_UNINITIALIZED_AUTOS = YES_AGGRESSIVE;
				GCC_WARN_UNUSED_FUNCTION = YES;
				GCC_WARN_UNUSED_VARIABLE = YES;
				LOCALIZATION_PREFERS_STRING_CATALOGS = YES;
				MACOSX_DEPLOYMENT_TARGET = 14.0;
				MTL_ENABLE_DEBUG_INFO = INCLUDE_SOURCE;
				MTL_FAST_MATH = YES;
				ONLY_ACTIVE_ARCH = YES;
				SDKROOT = macosx;
				SWIFT_ACTIVE_COMPILATION_CONDITIONS = "DEBUG $(inherited)";
				SWIFT_INCLUDE_PATHS = "$(SRCROOT)";
				SWIFT_OPTIMIZATION_LEVEL = "-Onone";
			};
			name = Debug;
		};
		E52D5EA42C5B1A0000000001 /* Release */ = {
			isa = XCBuildConfiguration;
			buildSettings = {
				ALWAYS_SEARCH_USER_PATHS = NO;
				ASSETCATALOG_COMPILER_GENERATE_SWIFT_ASSET_SYMBOL_EXTENSIONS = YES;
				BUILD_LIBRARY_FOR_DISTRIBUTION = YES;
				CLANG_ANALYZER_NONNULL = YES;
				CLANG_ANALYZER_NUMBER_OBJECT_CONVERSION = YES_AGGRESSIVE;
				CLANG_CXX_LANGUAGE_STANDARD = "gnu++20";
				CLANG_ENABLE_MODULES = YES;
				CLANG_ENABLE_OBJC_ARC = YES;
				CLANG_ENABLE_OBJC_WEAK = YES;
				CLANG_WARN_BLOCK_CAPTURE_AUTORELEASING = YES;
				CLANG_WARN_BOOL_CONVERSION = YES;
				CLANG_WARN_COMMA = YES;
				CLANG_WARN_CONSTANT_CONVERSION = YES;
				CLANG_WARN_DEPRECATED_OBJC_IMPLEMENTATIONS = YES;
				CLANG_WARN_DIRECT_OBJC_ISA_USAGE = YES_ERROR;
				CLANG_WARN_DOCUMENTATION_COMMENTS = YES;
				CLANG_WARN_EMPTY_BODY = YES;
				CLANG_WARN_ENUM_CONVERSION = YES;
				CLANG_WARN_INFINITE_RECURSION = YES;
				CLANG_WARN_INT_CONVERSION = YES;
				CLANG_WARN_NON_LITERAL_NULL_CONVERSION = YES;
				CLANG_WARN_OBJC_IMPLICIT_RETAIN_SELF = YES;
				CLANG_WARN_OBJC_LITERAL_CONVERSION = YES;
				CLANG_WARN_OBJC_ROOT_CLASS = YES_ERROR;
				CLANG_WARN_QUOTED_INCLUDE_IN_FRAMEWORK_HEADER = YES;
				CLANG_WARN_RANGE_LOOP_ANALYSIS = YES;
				CLANG_WARN_STRICT_PROTOTYPES = YES;
				CLANG_WARN_SUSPICIOUS_MOVE = YES;
				CLANG_WARN_UNGUARDED_AVAILABILITY = YES_AGGRESSIVE;
				CLANG_WARN_UNREACHABLE_CODE = YES;
				CLANG_WARN__DUPLICATE_METHOD_MATCH = YES;
				COPY_PHASE_STRIP = NO;
				DEBUG_INFORMATION_FORMAT = "dwarf-with-dsym";
				DEFINES_MODULE = YES;
				ENABLE_NS_ASSERTIONS = NO;
				ENABLE_STRICT_OBJC_MSGSEND = YES;
				ENABLE_USER_SCRIPT_SANDBOXING = YES;
				GCC_C_LANGUAGE_STANDARD = gnu17;
				GCC_NO_COMMON_BLOCKS = YES;
				GCC_WARN_64_TO_32_BIT_CONVERSION = YES;
				GCC_WARN_ABOUT_RETURN_TYPE = YES_ERROR;
				GCC_WARN_UNDECLARED_SELECTOR = YES;
				GCC_WARN_UNINITIALIZED_AUTOS = YES_AGGRESSIVE;
				GCC_WARN_UNUSED_FUNCTION = YES;
				GCC_WARN_UNUSED_VARIABLE = YES;
				LOCALIZATION_PREFERS_STRING_CATALOGS = YES;
				MACOSX_DEPLOYMENT_TARGET = 14.0;
				MTL_ENABLE_DEBUG_INFO = NO;
				MTL_FAST_MATH = YES;
				SDKROOT = macosx;
				SWIFT_COMPILATION_MODE = wholemodule;
				SWIFT_INCLUDE_PATHS = "$(SRCROOT)";
			};
			name = Release;
		};
		E52D5EA62C5B1A0000000001 /* Debug */ = {
			isa = XCBuildConfiguration;
			buildSettings = {
				ASSETCATALOG_COMPILER_APPICON_NAME = AppIcon;
				ASSETCATALOG_COMPILER_GLOBAL_ACCENT_COLOR_NAME = AccentColor;
				CODE_SIGN_ENTITLEMENTS = AgenticSeek/AgenticSeek.entitlements;
				CODE_SIGN_IDENTITY = "-";
				CODE_SIGN_STYLE = Manual;
				COMBINE_HIDPI_IMAGES = YES;
				CURRENT_PROJECT_VERSION = 1;
				DEVELOPMENT_ASSET_PATHS = "\"AgenticSeek/Preview Content\"";
				ENABLE_PREVIEWS = YES;
				GENERATE_INFOPLIST_FILE = YES;
				INFOPLIST_FILE = AgenticSeek/Info.plist;
				INFOPLIST_KEY_CFBundleDisplayName = AgenticSeek;
				INFOPLIST_KEY_LSApplicationCategoryType = "public.app-category.productivity";
				INFOPLIST_KEY_NSHumanReadableCopyright = "";
				INFOPLIST_KEY_NSPrincipalClass = NSApplication;
				LD_RUNPATH_SEARCH_PATHS = (
					"$(inherited)",
					"@executable_path/../Frameworks",
				);
				MARKETING_VERSION = 1.0;
				PRODUCT_BUNDLE_IDENTIFIER = com.agenticseek.app;
				PRODUCT_NAME = "$(TARGET_NAME)";
				SWIFT_EMIT_LOC_STRINGS = YES;
				SWIFT_VERSION = 5.0;
			};
			name = Debug;
		};
		E52D5EA72C5B1A0000000001 /* Release */ = {
			isa = XCBuildConfiguration;
			buildSettings = {
				ASSETCATALOG_COMPILER_APPICON_NAME = AppIcon;
				ASSETCATALOG_COMPILER_GLOBAL_ACCENT_COLOR_NAME = AccentColor;
				CODE_SIGN_ENTITLEMENTS = AgenticSeek/AgenticSeek.entitlements;
				CODE_SIGN_IDENTITY = "-";
				CODE_SIGN_STYLE = Manual;
				COMBINE_HIDPI_IMAGES = YES;
				CURRENT_PROJECT_VERSION = 1;
				DEVELOPMENT_ASSET_PATHS = "\"AgenticSeek/Preview Content\"";
				ENABLE_PREVIEWS = YES;
				GENERATE_INFOPLIST_FILE = YES;
				INFOPLIST_FILE = AgenticSeek/Info.plist;
				INFOPLIST_KEY_CFBundleDisplayName = AgenticSeek;
				INFOPLIST_KEY_LSApplicationCategoryType = "public.app-category.productivity";
				INFOPLIST_KEY_NSHumanReadableCopyright = "";
				INFOPLIST_KEY_NSPrincipalClass = NSApplication;
				LD_RUNPATH_SEARCH_PATHS = (
					"$(inherited)",
					"@executable_path/../Frameworks",
				);
				MARKETING_VERSION = 1.0;
				PRODUCT_BUNDLE_IDENTIFIER = com.agenticseek.app;
				PRODUCT_NAME = "$(TARGET_NAME)";
				SWIFT_EMIT_LOC_STRINGS = YES;
				SWIFT_VERSION = 5.0;
			};
			name = Release;
		};
/* End XCBuildConfiguration section */

/* Begin XCConfigurationList section */
		E52D5E912C5B1A0000000001 /* Build configuration list for PBXProject "AgenticSeek" */ = {
			isa = XCConfigurationList;
			buildConfigurations = (
				E52D5EA32C5B1A0000000001 /* Debug */,
				E52D5EA42C5B1A0000000001 /* Release */,
			);
			defaultConfigurationIsVisible = 0;
			defaultConfigurationName = Release;
		};
		E52D5EA52C5B1A0000000001 /* Build configuration list for PBXNativeTarget "AgenticSeek" */ = {
			isa = XCConfigurationList;
			buildConfigurations = (
				E52D5EA62C5B1A0000000001 /* Debug */,
				E52D5EA72C5B1A0000000001 /* Release */,
			);
			defaultConfigurationIsVisible = 0;
			defaultConfigurationName = Release;
		};
/* End XCConfigurationList section */
	};
	rootObject = E52D5E8E2C5B1A0000000001 /* Project object */;
}
