// !$*UTF8*$!
{
	archiveVersion = 1;
	classes = {
	};
	objectVersion = 56;
	objects = {

/* Begin PBXBuildFile section */
		03E9F9CDAC7E99D14D4DC57C /* ModelBenchmarkEngine.swift in Sources */ = {isa = PBXBuildFile; fileRef = 8669F13A70801ADDFD48E25D /* ModelBenchmarkEngine.swift */; };
		0C8A484D71C3822E4FC34E95 /* BenchmarkConfigurationView.swift in Sources */ = {isa = PBXBuildFile; fileRef = 373F9995A25FFC6209921562 /* BenchmarkConfigurationView.swift */; };
		1D060C125E88BF97B71C8DC9 /* BenchmarkExtensions.swift in Sources */ = {isa = PBXBuildFile; fileRef = 0D07D0067EF2831267F9BAB1 /* BenchmarkExtensions.swift */; };
		1E81D4DE696D3B68869F4075 /* PerformanceVisualizationView.swift in Sources */ = {isa = PBXBuildFile; fileRef = 9D79731E98B636F5AD1943F8 /* PerformanceVisualizationView.swift */; };
		32CDC872E7F854D0CA749582 /* QualityAssessmentEngine.swift in Sources */ = {isa = PBXBuildFile; fileRef = 6C20F39BA5FE30989F50E8F7 /* QualityAssessmentEngine.swift */; };
		37BF875C5CB7358122E2AA2D /* BenchmarkDataManager.swift in Sources */ = {isa = PBXBuildFile; fileRef = F4857D3FC4F82455922B4CE0 /* BenchmarkDataManager.swift */; };
		44FC12F17B21174581B3E05D /* BenchmarkDashboardView.swift in Sources */ = {isa = PBXBuildFile; fileRef = 3E704C0EA580ABD6A529F303 /* BenchmarkDashboardView.swift */; };
		6023B86B97B16DF10D8BAC40 /* ModelComparator.swift in Sources */ = {isa = PBXBuildFile; fileRef = B15BAB94DAF8430DB67D810B /* ModelComparator.swift */; };
		67A1C67F41A07380EE2C4863 /* ResourceMonitor.swift in Sources */ = {isa = PBXBuildFile; fileRef = 4CEA398EFDF382581B2590FE /* ResourceMonitor.swift */; };
		893310F0599E8C9429CC7324 /* BenchmarkUtilities.swift in Sources */ = {isa = PBXBuildFile; fileRef = F25377F19DCAB570EBDE2C55 /* BenchmarkUtilities.swift */; };
		B3075870B97E6442EEA0446E /* PerformanceMetricsCalculator.swift in Sources */ = {isa = PBXBuildFile; fileRef = 8E6CA385492DD92C2C3B4A90 /* PerformanceMetricsCalculator.swift */; };
		C14C0BFB053256AFB2A376AE /* BenchmarkScheduler.swift in Sources */ = {isa = PBXBuildFile; fileRef = 2A661233121F45C3F5BF39A9 /* BenchmarkScheduler.swift */; };
		C566D24F821F7ACA013C8D04 /* BenchmarkModels.swift in Sources */ = {isa = PBXBuildFile; fileRef = B2EF4640A6365D9E9EEE2CB4 /* BenchmarkModels.swift */; };
		E52D5E9A2C5B1A0000000001 /* AgenticSeekApp.swift in Sources */ = {isa = PBXBuildFile; fileRef = E52D5E992C5B1A0000000001 /* AgenticSeekApp.swift */; };
		E52D5E9C2C5B1A0000000001 /* ContentView.swift in Sources */ = {isa = PBXBuildFile; fileRef = E52D5E9B2C5B1A0000000001 /* ContentView.swift */; };
		E52D5E9E2C5B1A0000000001 /* Assets.xcassets in Resources */ = {isa = PBXBuildFile; fileRef = E52D5E9D2C5B1A0000000001 /* Assets.xcassets */; };
		E52D5EA12C5B1A0000000001 /* Preview Assets.xcassets in Resources */ = {isa = PBXBuildFile; fileRef = E52D5EA02C5B1A0000000001 /* Preview Assets.xcassets */; };
		E52D5EA92C5B1A1000000001 /* WebViewManager.swift in Sources */ = {isa = PBXBuildFile; fileRef = E52D5EA82C5B1A1000000001 /* WebViewManager.swift */; };
		E52D5EAB2C5B1A2000000001 /* MenuBarManager.swift in Sources */ = {isa = PBXBuildFile; fileRef = E52D5EAA2C5B1A2000000001 /* MenuBarManager.swift */; };
		E52D5EAD2C5B1A3000000001 /* ServiceManager.swift in Sources */ = {isa = PBXBuildFile; fileRef = E52D5EAC2C5B1A3000000001 /* ServiceManager.swift */; };
		E52D5EAF2C5B1A5000000001 /* ModelManagementView.swift in Sources */ = {isa = PBXBuildFile; fileRef = E52D5EAE2C5B1A5000000001 /* ModelManagementView.swift */; };
		E52D5EB12C5B1A6000000001 /* ConfigurationView.swift in Sources */ = {isa = PBXBuildFile; fileRef = E52D5EB02C5B1A6000000001 /* ConfigurationView.swift */; };
		E83F3556CD76E120FA69F0DD /* ModelComparisonView.swift in Sources */ = {isa = PBXBuildFile; fileRef = 1E5A40F9A62DECBCFF23E4D0 /* ModelComparisonView.swift */; };
		EBB8654A5A5BB59C2B93FDA3 /* InferenceSpeedAnalyzer.swift in Sources */ = {isa = PBXBuildFile; fileRef = D45C62B744AA8CC73CA0D3B2 /* InferenceSpeedAnalyzer.swift */; };
		FC069B5F2C61921300F29B85 /* DesignSystem.swift in Sources */ = {isa = PBXBuildFile; fileRef = FC069B5E2C61921300F29B85 /* DesignSystem.swift */; };
		FC069B612C61921300F29B85 /* Strings.swift in Sources */ = {isa = PBXBuildFile; fileRef = FC069B602C61921300F29B85 /* Strings.swift */; };
		FC069B632C61922400F29B85 /* SandboxComponents.swift in Sources */ = {isa = PBXBuildFile; fileRef = FC069B622C61922400F29B85 /* SandboxComponents.swift */; };
		FC069B652C61923500F29B85 /* OnboardingFlow.swift in Sources */ = {isa = PBXBuildFile; fileRef = FC069B642C61923500F29B85 /* OnboardingFlow.swift */; };
/* End PBXBuildFile section */

/* Begin PBXFileReference section */
		0D07D0067EF2831267F9BAB1 /* BenchmarkExtensions.swift */ = {isa = PBXFileReference; includeInIndex = 1; lastKnownFileType = sourcecode.swift; name = BenchmarkExtensions.swift; path = AgenticSeek/ModelPerformanceBenchmarking/Core/BenchmarkExtensions.swift; sourceTree = "<group>"; };
		1E5A40F9A62DECBCFF23E4D0 /* ModelComparisonView.swift */ = {isa = PBXFileReference; includeInIndex = 1; lastKnownFileType = sourcecode.swift; name = ModelComparisonView.swift; path = AgenticSeek/ModelPerformanceBenchmarking/Views/ModelComparisonView.swift; sourceTree = "<group>"; };
		2A661233121F45C3F5BF39A9 /* BenchmarkScheduler.swift */ = {isa = PBXFileReference; includeInIndex = 1; lastKnownFileType = sourcecode.swift; name = BenchmarkScheduler.swift; path = AgenticSeek/ModelPerformanceBenchmarking/Core/BenchmarkScheduler.swift; sourceTree = "<group>"; };
		324E23976D45C5267586CC15 /* BenchmarkConfigurationViewTest.swift */ = {isa = PBXFileReference; includeInIndex = 1; lastKnownFileType = sourcecode.swift; name = BenchmarkConfigurationViewTest.swift; path = AgenticSeek/Tests/ModelPerformanceBenchmarkingTests/BenchmarkConfigurationViewTest.swift; sourceTree = "<group>"; };
		373F9995A25FFC6209921562 /* BenchmarkConfigurationView.swift */ = {isa = PBXFileReference; includeInIndex = 1; lastKnownFileType = sourcecode.swift; name = BenchmarkConfigurationView.swift; path = AgenticSeek/ModelPerformanceBenchmarking/Views/BenchmarkConfigurationView.swift; sourceTree = "<group>"; };
		38379EC53E81FA434AD28112 /* ModelBenchmarkEngineTest.swift */ = {isa = PBXFileReference; includeInIndex = 1; lastKnownFileType = sourcecode.swift; name = ModelBenchmarkEngineTest.swift; path = AgenticSeek/Tests/ModelPerformanceBenchmarkingTests/ModelBenchmarkEngineTest.swift; sourceTree = "<group>"; };
		3E704C0EA580ABD6A529F303 /* BenchmarkDashboardView.swift */ = {isa = PBXFileReference; includeInIndex = 1; lastKnownFileType = sourcecode.swift; name = BenchmarkDashboardView.swift; path = AgenticSeek/ModelPerformanceBenchmarking/Views/BenchmarkDashboardView.swift; sourceTree = "<group>"; };
		4CEA398EFDF382581B2590FE /* ResourceMonitor.swift */ = {isa = PBXFileReference; includeInIndex = 1; lastKnownFileType = sourcecode.swift; name = ResourceMonitor.swift; path = AgenticSeek/ModelPerformanceBenchmarking/Core/ResourceMonitor.swift; sourceTree = "<group>"; };
		4F64EB2E9D00DB9B62FE4190 /* ModelComparatorTest.swift */ = {isa = PBXFileReference; includeInIndex = 1; lastKnownFileType = sourcecode.swift; name = ModelComparatorTest.swift; path = AgenticSeek/Tests/ModelPerformanceBenchmarkingTests/ModelComparatorTest.swift; sourceTree = "<group>"; };
		518F49E3C3A5B1B34C410208 /* BenchmarkDashboardViewTest.swift */ = {isa = PBXFileReference; includeInIndex = 1; lastKnownFileType = sourcecode.swift; name = BenchmarkDashboardViewTest.swift; path = AgenticSeek/Tests/ModelPerformanceBenchmarkingTests/BenchmarkDashboardViewTest.swift; sourceTree = "<group>"; };
		6C20F39BA5FE30989F50E8F7 /* QualityAssessmentEngine.swift */ = {isa = PBXFileReference; includeInIndex = 1; lastKnownFileType = sourcecode.swift; name = QualityAssessmentEngine.swift; path = AgenticSeek/ModelPerformanceBenchmarking/Core/QualityAssessmentEngine.swift; sourceTree = "<group>"; };
		712AD5F8E34670F78632FBEE /* InferenceSpeedAnalyzerTest.swift */ = {isa = PBXFileReference; includeInIndex = 1; lastKnownFileType = sourcecode.swift; name = InferenceSpeedAnalyzerTest.swift; path = AgenticSeek/Tests/ModelPerformanceBenchmarkingTests/InferenceSpeedAnalyzerTest.swift; sourceTree = "<group>"; };
		73A139B1CC6991A2C430922C /* QualityAssessmentEngineTest.swift */ = {isa = PBXFileReference; includeInIndex = 1; lastKnownFileType = sourcecode.swift; name = QualityAssessmentEngineTest.swift; path = AgenticSeek/Tests/ModelPerformanceBenchmarkingTests/QualityAssessmentEngineTest.swift; sourceTree = "<group>"; };
		7ECC51C75E6C4E433EEAF1CE /* ResourceMonitorTest.swift */ = {isa = PBXFileReference; includeInIndex = 1; lastKnownFileType = sourcecode.swift; name = ResourceMonitorTest.swift; path = AgenticSeek/Tests/ModelPerformanceBenchmarkingTests/ResourceMonitorTest.swift; sourceTree = "<group>"; };
		8669F13A70801ADDFD48E25D /* ModelBenchmarkEngine.swift */ = {isa = PBXFileReference; includeInIndex = 1; lastKnownFileType = sourcecode.swift; name = ModelBenchmarkEngine.swift; path = AgenticSeek/ModelPerformanceBenchmarking/Core/ModelBenchmarkEngine.swift; sourceTree = "<group>"; };
		8E6CA385492DD92C2C3B4A90 /* PerformanceMetricsCalculator.swift */ = {isa = PBXFileReference; includeInIndex = 1; lastKnownFileType = sourcecode.swift; name = PerformanceMetricsCalculator.swift; path = AgenticSeek/ModelPerformanceBenchmarking/Core/PerformanceMetricsCalculator.swift; sourceTree = "<group>"; };
		9D79731E98B636F5AD1943F8 /* PerformanceVisualizationView.swift */ = {isa = PBXFileReference; includeInIndex = 1; lastKnownFileType = sourcecode.swift; name = PerformanceVisualizationView.swift; path = AgenticSeek/ModelPerformanceBenchmarking/Views/PerformanceVisualizationView.swift; sourceTree = "<group>"; };
		B15BAB94DAF8430DB67D810B /* ModelComparator.swift */ = {isa = PBXFileReference; includeInIndex = 1; lastKnownFileType = sourcecode.swift; name = ModelComparator.swift; path = AgenticSeek/ModelPerformanceBenchmarking/Core/ModelComparator.swift; sourceTree = "<group>"; };
		B2EF4640A6365D9E9EEE2CB4 /* BenchmarkModels.swift */ = {isa = PBXFileReference; includeInIndex = 1; lastKnownFileType = sourcecode.swift; name = BenchmarkModels.swift; path = AgenticSeek/ModelPerformanceBenchmarking/Core/BenchmarkModels.swift; sourceTree = "<group>"; };
		B5915EF5F8924AABC695B250 /* PerformanceMetricsCalculatorTest.swift */ = {isa = PBXFileReference; includeInIndex = 1; lastKnownFileType = sourcecode.swift; name = PerformanceMetricsCalculatorTest.swift; path = AgenticSeek/Tests/ModelPerformanceBenchmarkingTests/PerformanceMetricsCalculatorTest.swift; sourceTree = "<group>"; };
		CE0D0C619CA97C55FC58397D /* BenchmarkSchedulerTest.swift */ = {isa = PBXFileReference; includeInIndex = 1; lastKnownFileType = sourcecode.swift; name = BenchmarkSchedulerTest.swift; path = AgenticSeek/Tests/ModelPerformanceBenchmarkingTests/BenchmarkSchedulerTest.swift; sourceTree = "<group>"; };
		D45C62B744AA8CC73CA0D3B2 /* InferenceSpeedAnalyzer.swift */ = {isa = PBXFileReference; includeInIndex = 1; lastKnownFileType = sourcecode.swift; name = InferenceSpeedAnalyzer.swift; path = AgenticSeek/ModelPerformanceBenchmarking/Core/InferenceSpeedAnalyzer.swift; sourceTree = "<group>"; };
		D7D5E80C234B006B1FB63D25 /* ModelComparisonViewTest.swift */ = {isa = PBXFileReference; includeInIndex = 1; lastKnownFileType = sourcecode.swift; name = ModelComparisonViewTest.swift; path = AgenticSeek/Tests/ModelPerformanceBenchmarkingTests/ModelComparisonViewTest.swift; sourceTree = "<group>"; };
		DECDBDE3D7A0DC8A366D70B1 /* BenchmarkDataManagerTest.swift */ = {isa = PBXFileReference; includeInIndex = 1; lastKnownFileType = sourcecode.swift; name = BenchmarkDataManagerTest.swift; path = AgenticSeek/Tests/ModelPerformanceBenchmarkingTests/BenchmarkDataManagerTest.swift; sourceTree = "<group>"; };
		E52D5E962C5B1A0000000001 /* AgenticSeek.app */ = {isa = PBXFileReference; explicitFileType = wrapper.application; includeInIndex = 0; path = AgenticSeek.app; sourceTree = BUILT_PRODUCTS_DIR; };
		E52D5E992C5B1A0000000001 /* AgenticSeekApp.swift */ = {isa = PBXFileReference; lastKnownFileType = sourcecode.swift; path = AgenticSeekApp.swift; sourceTree = "<group>"; };
		E52D5E9B2C5B1A0000000001 /* ContentView.swift */ = {isa = PBXFileReference; lastKnownFileType = sourcecode.swift; path = ContentView.swift; sourceTree = "<group>"; };
		E52D5E9D2C5B1A0000000001 /* Assets.xcassets */ = {isa = PBXFileReference; lastKnownFileType = folder.assetcatalog; path = Assets.xcassets; sourceTree = "<group>"; };
		E52D5EA02C5B1A0000000001 /* Preview Assets.xcassets */ = {isa = PBXFileReference; lastKnownFileType = folder.assetcatalog; path = "Preview Assets.xcassets"; sourceTree = "<group>"; };
		E52D5EA22C5B1A0000000001 /* AgenticSeek.entitlements */ = {isa = PBXFileReference; lastKnownFileType = text.plist.entitlements; path = AgenticSeek.entitlements; sourceTree = "<group>"; };
		E52D5EA82C5B1A1000000001 /* WebViewManager.swift */ = {isa = PBXFileReference; lastKnownFileType = sourcecode.swift; path = WebViewManager.swift; sourceTree = "<group>"; };
		E52D5EAA2C5B1A2000000001 /* MenuBarManager.swift */ = {isa = PBXFileReference; lastKnownFileType = sourcecode.swift; path = MenuBarManager.swift; sourceTree = "<group>"; };
		E52D5EAC2C5B1A3000000001 /* ServiceManager.swift */ = {isa = PBXFileReference; lastKnownFileType = sourcecode.swift; path = ServiceManager.swift; sourceTree = "<group>"; };
		E52D5EAE2C5B1A5000000001 /* ModelManagementView.swift */ = {isa = PBXFileReference; lastKnownFileType = sourcecode.swift; path = ModelManagementView.swift; sourceTree = "<group>"; };
		E52D5EB02C5B1A6000000001 /* ConfigurationView.swift */ = {isa = PBXFileReference; lastKnownFileType = sourcecode.swift; path = ConfigurationView.swift; sourceTree = "<group>"; };
		E52D5EB22C5B1A4000000001 /* Info.plist */ = {isa = PBXFileReference; lastKnownFileType = text.plist.xml; path = Info.plist; sourceTree = "<group>"; };
		F25377F19DCAB570EBDE2C55 /* BenchmarkUtilities.swift */ = {isa = PBXFileReference; includeInIndex = 1; lastKnownFileType = sourcecode.swift; name = BenchmarkUtilities.swift; path = AgenticSeek/ModelPerformanceBenchmarking/Core/BenchmarkUtilities.swift; sourceTree = "<group>"; };
		F4857D3FC4F82455922B4CE0 /* BenchmarkDataManager.swift */ = {isa = PBXFileReference; includeInIndex = 1; lastKnownFileType = sourcecode.swift; name = BenchmarkDataManager.swift; path = AgenticSeek/ModelPerformanceBenchmarking/Core/BenchmarkDataManager.swift; sourceTree = "<group>"; };
		FC069B5E2C61921300F29B85 /* DesignSystem.swift */ = {isa = PBXFileReference; lastKnownFileType = sourcecode.swift; path = DesignSystem.swift; sourceTree = "<group>"; };
		FC069B602C61921300F29B85 /* Strings.swift */ = {isa = PBXFileReference; lastKnownFileType = sourcecode.swift; path = Strings.swift; sourceTree = "<group>"; };
		FC069B622C61922400F29B85 /* SandboxComponents.swift */ = {isa = PBXFileReference; lastKnownFileType = sourcecode.swift; path = SandboxComponents.swift; sourceTree = "<group>"; };
		FC069B642C61923500F29B85 /* OnboardingFlow.swift */ = {isa = PBXFileReference; lastKnownFileType = sourcecode.swift; path = OnboardingFlow.swift; sourceTree = "<group>"; };
		FF393C9C09DB9A9E83A37DA6 /* PerformanceVisualizationViewTest.swift */ = {isa = PBXFileReference; includeInIndex = 1; lastKnownFileType = sourcecode.swift; name = PerformanceVisualizationViewTest.swift; path = AgenticSeek/Tests/ModelPerformanceBenchmarkingTests/PerformanceVisualizationViewTest.swift; sourceTree = "<group>"; };
/* End PBXFileReference section */

/* Begin PBXFrameworksBuildPhase section */
		E52D5E932C5B1A0000000001 /* Frameworks */ = {
			isa = PBXFrameworksBuildPhase;
			buildActionMask = 2147483647;
			files = (
			);
			runOnlyForDeploymentPostprocessing = 0;
		};
/* End PBXFrameworksBuildPhase section */

/* Begin PBXGroup section */
		004497F34E245FE97F55DE3B /* Core */ = {
			isa = PBXGroup;
			children = (
				8669F13A70801ADDFD48E25D /* ModelBenchmarkEngine.swift */,
				D45C62B744AA8CC73CA0D3B2 /* InferenceSpeedAnalyzer.swift */,
				6C20F39BA5FE30989F50E8F7 /* QualityAssessmentEngine.swift */,
				4CEA398EFDF382581B2590FE /* ResourceMonitor.swift */,
				2A661233121F45C3F5BF39A9 /* BenchmarkScheduler.swift */,
				F4857D3FC4F82455922B4CE0 /* BenchmarkDataManager.swift */,
				B15BAB94DAF8430DB67D810B /* ModelComparator.swift */,
				8E6CA385492DD92C2C3B4A90 /* PerformanceMetricsCalculator.swift */,
				B2EF4640A6365D9E9EEE2CB4 /* BenchmarkModels.swift */,
				0D07D0067EF2831267F9BAB1 /* BenchmarkExtensions.swift */,
				F25377F19DCAB570EBDE2C55 /* BenchmarkUtilities.swift */,
			);
			name = Core;
			sourceTree = "<group>";
		};
		43D0784A0727446E92E2A4D0 /* Views */ = {
			isa = PBXGroup;
			children = (
				3E704C0EA580ABD6A529F303 /* BenchmarkDashboardView.swift */,
				373F9995A25FFC6209921562 /* BenchmarkConfigurationView.swift */,
				9D79731E98B636F5AD1943F8 /* PerformanceVisualizationView.swift */,
				1E5A40F9A62DECBCFF23E4D0 /* ModelComparisonView.swift */,
			);
			name = Views;
			sourceTree = "<group>";
		};
		58C0FF94E2CD24D9E9AE87F7 /* ModelPerformanceBenchmarking */ = {
			isa = PBXGroup;
			children = (
				004497F34E245FE97F55DE3B /* Core */,
				43D0784A0727446E92E2A4D0 /* Views */,
			);
			name = ModelPerformanceBenchmarking;
			sourceTree = "<group>";
		};
		9E3FB6003E740A82C7226B1D /* Tests */ = {
			isa = PBXGroup;
			children = (
				C40BC80C330D51960536516C /* ModelPerformanceBenchmarkingTests */,
			);
			name = Tests;
			sourceTree = "<group>";
		};
		A0B89588ACAA9A10E5904125 /* AgenticSeek */ = {
			isa = PBXGroup;
			children = (
				58C0FF94E2CD24D9E9AE87F7 /* ModelPerformanceBenchmarking */,
			);
			name = AgenticSeek;
			sourceTree = "<group>";
		};
		C40BC80C330D51960536516C /* ModelPerformanceBenchmarkingTests */ = {
			isa = PBXGroup;
			children = (
				38379EC53E81FA434AD28112 /* ModelBenchmarkEngineTest.swift */,
				712AD5F8E34670F78632FBEE /* InferenceSpeedAnalyzerTest.swift */,
				73A139B1CC6991A2C430922C /* QualityAssessmentEngineTest.swift */,
				7ECC51C75E6C4E433EEAF1CE /* ResourceMonitorTest.swift */,
				CE0D0C619CA97C55FC58397D /* BenchmarkSchedulerTest.swift */,
				DECDBDE3D7A0DC8A366D70B1 /* BenchmarkDataManagerTest.swift */,
				4F64EB2E9D00DB9B62FE4190 /* ModelComparatorTest.swift */,
				B5915EF5F8924AABC695B250 /* PerformanceMetricsCalculatorTest.swift */,
				518F49E3C3A5B1B34C410208 /* BenchmarkDashboardViewTest.swift */,
				324E23976D45C5267586CC15 /* BenchmarkConfigurationViewTest.swift */,
				FF393C9C09DB9A9E83A37DA6 /* PerformanceVisualizationViewTest.swift */,
				D7D5E80C234B006B1FB63D25 /* ModelComparisonViewTest.swift */,
			);
			name = ModelPerformanceBenchmarkingTests;
			sourceTree = "<group>";
		};
		E52D5E8D2C5B1A0000000001 = {
			isa = PBXGroup;
			children = (
				E52D5E982C5B1A0000000001 /* AgenticSeek-Sandbox */,
				E52D5E972C5B1A0000000001 /* Products */,
				A0B89588ACAA9A10E5904125 /* AgenticSeek */,
				9E3FB6003E740A82C7226B1D /* Tests */,
			);
			sourceTree = "<group>";
		};
		E52D5E972C5B1A0000000001 /* Products */ = {
			isa = PBXGroup;
			children = (
				E52D5E962C5B1A0000000001 /* AgenticSeek.app */,
			);
			name = Products;
			sourceTree = "<group>";
		};
		E52D5E982C5B1A0000000001 /* AgenticSeek-Sandbox */ = {
			isa = PBXGroup;
			children = (
				E52D5EB22C5B1A4000000001 /* Info.plist */,
				E52D5E992C5B1A0000000001 /* AgenticSeekApp.swift */,
				E52D5E9B2C5B1A0000000001 /* ContentView.swift */,
				E52D5EA82C5B1A1000000001 /* WebViewManager.swift */,
				E52D5EAA2C5B1A2000000001 /* MenuBarManager.swift */,
				E52D5EAC2C5B1A3000000001 /* ServiceManager.swift */,
				E52D5EAE2C5B1A5000000001 /* ModelManagementView.swift */,
				E52D5EB02C5B1A6000000001 /* ConfigurationView.swift */,
				FC069B5E2C61921300F29B85 /* DesignSystem.swift */,
				FC069B602C61921300F29B85 /* Strings.swift */,
				FC069B622C61922400F29B85 /* SandboxComponents.swift */,
				FC069B642C61923500F29B85 /* OnboardingFlow.swift */,
				E52D5E9D2C5B1A0000000001 /* Assets.xcassets */,
				E52D5EA22C5B1A0000000001 /* AgenticSeek.entitlements */,
				E52D5E9F2C5B1A0000000001 /* Preview Content */,
			);
			path = "AgenticSeek-Sandbox";
			sourceTree = "<group>";
		};
		E52D5E9F2C5B1A0000000001 /* Preview Content */ = {
			isa = PBXGroup;
			children = (
				E52D5EA02C5B1A0000000001 /* Preview Assets.xcassets */,
			);
			path = "Preview Content";
			sourceTree = "<group>";
		};
/* End PBXGroup section */

/* Begin PBXNativeTarget section */
		E52D5E952C5B1A0000000001 /* AgenticSeek */ = {
			isa = PBXNativeTarget;
			buildConfigurationList = E52D5EA52C5B1A0000000001 /* Build configuration list for PBXNativeTarget "AgenticSeek" */;
			buildPhases = (
				E52D5E922C5B1A0000000001 /* Sources */,
				E52D5E932C5B1A0000000001 /* Frameworks */,
				E52D5E942C5B1A0000000001 /* Resources */,
			);
			buildRules = (
			);
			dependencies = (
			);
			name = AgenticSeek;
			productName = AgenticSeek;
			productReference = E52D5E962C5B1A0000000001 /* AgenticSeek.app */;
			productType = "com.apple.product-type.application";
		};
/* End PBXNativeTarget section */

/* Begin PBXProject section */
		E52D5E8E2C5B1A0000000001 /* Project object */ = {
			isa = PBXProject;
			attributes = {
				BuildIndependentTargetsInParallel = 1;
				LastSwiftUpdateCheck = 1540;
				LastUpgradeCheck = 1640;
				TargetAttributes = {
					E52D5E952C5B1A0000000001 = {
						CreatedOnToolsVersion = 15.4;
					};
				};
			};
			buildConfigurationList = E52D5E912C5B1A0000000001 /* Build configuration list for PBXProject "Sandbox-AgenticSeek" */;
			compatibilityVersion = "Xcode 14.0";
			developmentRegion = en;
			hasScannedForEncodings = 0;
			knownRegions = (
				en,
				Base,
			);
			mainGroup = E52D5E8D2C5B1A0000000001;
			productRefGroup = E52D5E972C5B1A0000000001 /* Products */;
			projectDirPath = "";
			projectRoot = "";
			targets = (
				E52D5E952C5B1A0000000001 /* AgenticSeek */,
			);
		};
/* End PBXProject section */

/* Begin PBXResourcesBuildPhase section */
		E52D5E942C5B1A0000000001 /* Resources */ = {
			isa = PBXResourcesBuildPhase;
			buildActionMask = 2147483647;
			files = (
				E52D5EA12C5B1A0000000001 /* Preview Assets.xcassets in Resources */,
				E52D5E9E2C5B1A0000000001 /* Assets.xcassets in Resources */,
			);
			runOnlyForDeploymentPostprocessing = 0;
		};
/* End PBXResourcesBuildPhase section */

/* Begin PBXSourcesBuildPhase section */
		E52D5E922C5B1A0000000001 /* Sources */ = {
			isa = PBXSourcesBuildPhase;
			buildActionMask = 2147483647;
			files = (
				E52D5E9C2C5B1A0000000001 /* ContentView.swift in Sources */,
				E52D5EA92C5B1A1000000001 /* WebViewManager.swift in Sources */,
				E52D5EAB2C5B1A2000000001 /* MenuBarManager.swift in Sources */,
				E52D5EAD2C5B1A3000000001 /* ServiceManager.swift in Sources */,
				E52D5EAF2C5B1A5000000001 /* ModelManagementView.swift in Sources */,
				E52D5EB12C5B1A6000000001 /* ConfigurationView.swift in Sources */,
				E52D5E9A2C5B1A0000000001 /* AgenticSeekApp.swift in Sources */,
				FC069B5F2C61921300F29B85 /* DesignSystem.swift in Sources */,
				FC069B612C61921300F29B85 /* Strings.swift in Sources */,
				FC069B632C61922400F29B85 /* SandboxComponents.swift in Sources */,
				FC069B652C61923500F29B85 /* OnboardingFlow.swift in Sources */,
				03E9F9CDAC7E99D14D4DC57C /* ModelBenchmarkEngine.swift in Sources */,
				EBB8654A5A5BB59C2B93FDA3 /* InferenceSpeedAnalyzer.swift in Sources */,
				32CDC872E7F854D0CA749582 /* QualityAssessmentEngine.swift in Sources */,
				67A1C67F41A07380EE2C4863 /* ResourceMonitor.swift in Sources */,
				C14C0BFB053256AFB2A376AE /* BenchmarkScheduler.swift in Sources */,
				37BF875C5CB7358122E2AA2D /* BenchmarkDataManager.swift in Sources */,
				6023B86B97B16DF10D8BAC40 /* ModelComparator.swift in Sources */,
				B3075870B97E6442EEA0446E /* PerformanceMetricsCalculator.swift in Sources */,
				C566D24F821F7ACA013C8D04 /* BenchmarkModels.swift in Sources */,
				1D060C125E88BF97B71C8DC9 /* BenchmarkExtensions.swift in Sources */,
				893310F0599E8C9429CC7324 /* BenchmarkUtilities.swift in Sources */,
				44FC12F17B21174581B3E05D /* BenchmarkDashboardView.swift in Sources */,
				0C8A484D71C3822E4FC34E95 /* BenchmarkConfigurationView.swift in Sources */,
				1E81D4DE696D3B68869F4075 /* PerformanceVisualizationView.swift in Sources */,
				E83F3556CD76E120FA69F0DD /* ModelComparisonView.swift in Sources */,
			);
			runOnlyForDeploymentPostprocessing = 0;
		};
/* End PBXSourcesBuildPhase section */

/* Begin XCBuildConfiguration section */
		E52D5EA32C5B1A0000000001 /* Debug */ = {
			isa = XCBuildConfiguration;
			buildSettings = {
				ALWAYS_SEARCH_USER_PATHS = NO;
				ASSETCATALOG_COMPILER_GENERATE_SWIFT_ASSET_SYMBOL_EXTENSIONS = YES;
				BUILD_LIBRARY_FOR_DISTRIBUTION = YES;
				CLANG_ANALYZER_NONNULL = YES;
				CLANG_ANALYZER_NUMBER_OBJECT_CONVERSION = YES_AGGRESSIVE;
				CLANG_CXX_LANGUAGE_STANDARD = "gnu++20";
				CLANG_ENABLE_MODULES = YES;
				CLANG_ENABLE_OBJC_ARC = YES;
				CLANG_ENABLE_OBJC_WEAK = YES;
				CLANG_WARN_BLOCK_CAPTURE_AUTORELEASING = YES;
				CLANG_WARN_BOOL_CONVERSION = YES;
				CLANG_WARN_COMMA = YES;
				CLANG_WARN_CONSTANT_CONVERSION = YES;
				CLANG_WARN_DEPRECATED_OBJC_IMPLEMENTATIONS = YES;
				CLANG_WARN_DIRECT_OBJC_ISA_USAGE = YES_ERROR;
				CLANG_WARN_DOCUMENTATION_COMMENTS = YES;
				CLANG_WARN_EMPTY_BODY = YES;
				CLANG_WARN_ENUM_CONVERSION = YES;
				CLANG_WARN_INFINITE_RECURSION = YES;
				CLANG_WARN_INT_CONVERSION = YES;
				CLANG_WARN_NON_LITERAL_NULL_CONVERSION = YES;
				CLANG_WARN_OBJC_IMPLICIT_RETAIN_SELF = YES;
				CLANG_WARN_OBJC_LITERAL_CONVERSION = YES;
				CLANG_WARN_OBJC_ROOT_CLASS = YES_ERROR;
				CLANG_WARN_QUOTED_INCLUDE_IN_FRAMEWORK_HEADER = YES;
				CLANG_WARN_RANGE_LOOP_ANALYSIS = YES;
				CLANG_WARN_STRICT_PROTOTYPES = YES;
				CLANG_WARN_SUSPICIOUS_MOVE = YES;
				CLANG_WARN_UNGUARDED_AVAILABILITY = YES_AGGRESSIVE;
				CLANG_WARN_UNREACHABLE_CODE = YES;
				CLANG_WARN__DUPLICATE_METHOD_MATCH = YES;
				COPY_PHASE_STRIP = NO;
				DEAD_CODE_STRIPPING = YES;
				DEBUG_INFORMATION_FORMAT = dwarf;
				DEFINES_MODULE = YES;
				DEVELOPMENT_TEAM = 7KV34995HH;
				ENABLE_MODULE_VERIFIER = YES;
				ENABLE_STRICT_OBJC_MSGSEND = YES;
				ENABLE_TESTABILITY = YES;
				ENABLE_USER_SCRIPT_SANDBOXING = YES;
				GCC_C_LANGUAGE_STANDARD = gnu17;
				GCC_DYNAMIC_NO_PIC = NO;
				GCC_NO_COMMON_BLOCKS = YES;
				GCC_OPTIMIZATION_LEVEL = 0;
				GCC_PREPROCESSOR_DEFINITIONS = (
					"DEBUG=1",
					"$(inherited)",
				);
				GCC_WARN_64_TO_32_BIT_CONVERSION = YES;
				GCC_WARN_ABOUT_RETURN_TYPE = YES_ERROR;
				GCC_WARN_UNDECLARED_SELECTOR = YES;
				GCC_WARN_UNINITIALIZED_AUTOS = YES_AGGRESSIVE;
				GCC_WARN_UNUSED_FUNCTION = YES;
				GCC_WARN_UNUSED_VARIABLE = YES;
				LOCALIZATION_PREFERS_STRING_CATALOGS = YES;
				MACOSX_DEPLOYMENT_TARGET = 14.0;
				MODULE_VERIFIER_SUPPORTED_LANGUAGE_STANDARDS = "gnu17 gnu++20";
				MTL_ENABLE_DEBUG_INFO = INCLUDE_SOURCE;
				MTL_FAST_MATH = YES;
				ONLY_ACTIVE_ARCH = YES;
				SDKROOT = macosx;
				SWIFT_ACTIVE_COMPILATION_CONDITIONS = "DEBUG $(inherited)";
				SWIFT_INCLUDE_PATHS = "$(SRCROOT)";
				SWIFT_OPTIMIZATION_LEVEL = "-Onone";
			};
			name = Debug;
		};
		E52D5EA42C5B1A0000000001 /* Release */ = {
			isa = XCBuildConfiguration;
			buildSettings = {
				ALWAYS_SEARCH_USER_PATHS = NO;
				ASSETCATALOG_COMPILER_GENERATE_SWIFT_ASSET_SYMBOL_EXTENSIONS = YES;
				BUILD_LIBRARY_FOR_DISTRIBUTION = YES;
				CLANG_ANALYZER_NONNULL = YES;
				CLANG_ANALYZER_NUMBER_OBJECT_CONVERSION = YES_AGGRESSIVE;
				CLANG_CXX_LANGUAGE_STANDARD = "gnu++20";
				CLANG_ENABLE_MODULES = YES;
				CLANG_ENABLE_OBJC_ARC = YES;
				CLANG_ENABLE_OBJC_WEAK = YES;
				CLANG_WARN_BLOCK_CAPTURE_AUTORELEASING = YES;
				CLANG_WARN_BOOL_CONVERSION = YES;
				CLANG_WARN_COMMA = YES;
				CLANG_WARN_CONSTANT_CONVERSION = YES;
				CLANG_WARN_DEPRECATED_OBJC_IMPLEMENTATIONS = YES;
				CLANG_WARN_DIRECT_OBJC_ISA_USAGE = YES_ERROR;
				CLANG_WARN_DOCUMENTATION_COMMENTS = YES;
				CLANG_WARN_EMPTY_BODY = YES;
				CLANG_WARN_ENUM_CONVERSION = YES;
				CLANG_WARN_INFINITE_RECURSION = YES;
				CLANG_WARN_INT_CONVERSION = YES;
				CLANG_WARN_NON_LITERAL_NULL_CONVERSION = YES;
				CLANG_WARN_OBJC_IMPLICIT_RETAIN_SELF = YES;
				CLANG_WARN_OBJC_LITERAL_CONVERSION = YES;
				CLANG_WARN_OBJC_ROOT_CLASS = YES_ERROR;
				CLANG_WARN_QUOTED_INCLUDE_IN_FRAMEWORK_HEADER = YES;
				CLANG_WARN_RANGE_LOOP_ANALYSIS = YES;
				CLANG_WARN_STRICT_PROTOTYPES = YES;
				CLANG_WARN_SUSPICIOUS_MOVE = YES;
				CLANG_WARN_UNGUARDED_AVAILABILITY = YES_AGGRESSIVE;
				CLANG_WARN_UNREACHABLE_CODE = YES;
				CLANG_WARN__DUPLICATE_METHOD_MATCH = YES;
				COPY_PHASE_STRIP = NO;
				DEAD_CODE_STRIPPING = YES;
				DEBUG_INFORMATION_FORMAT = "dwarf-with-dsym";
				DEFINES_MODULE = YES;
				DEVELOPMENT_TEAM = 7KV34995HH;
				ENABLE_MODULE_VERIFIER = YES;
				ENABLE_NS_ASSERTIONS = NO;
				ENABLE_STRICT_OBJC_MSGSEND = YES;
				ENABLE_USER_SCRIPT_SANDBOXING = YES;
				GCC_C_LANGUAGE_STANDARD = gnu17;
				GCC_NO_COMMON_BLOCKS = YES;
				GCC_WARN_64_TO_32_BIT_CONVERSION = YES;
				GCC_WARN_ABOUT_RETURN_TYPE = YES_ERROR;
				GCC_WARN_UNDECLARED_SELECTOR = YES;
				GCC_WARN_UNINITIALIZED_AUTOS = YES_AGGRESSIVE;
				GCC_WARN_UNUSED_FUNCTION = YES;
				GCC_WARN_UNUSED_VARIABLE = YES;
				LOCALIZATION_PREFERS_STRING_CATALOGS = YES;
				MACOSX_DEPLOYMENT_TARGET = 14.0;
				MODULE_VERIFIER_SUPPORTED_LANGUAGE_STANDARDS = "gnu17 gnu++20";
				MTL_ENABLE_DEBUG_INFO = NO;
				MTL_FAST_MATH = YES;
				SDKROOT = macosx;
				SWIFT_COMPILATION_MODE = wholemodule;
				SWIFT_INCLUDE_PATHS = "$(SRCROOT)";
			};
			name = Release;
		};
		E52D5EA62C5B1A0000000001 /* Debug */ = {
			isa = XCBuildConfiguration;
			buildSettings = {
				ASSETCATALOG_COMPILER_APPICON_NAME = AppIcon;
				ASSETCATALOG_COMPILER_GLOBAL_ACCENT_COLOR_NAME = AccentColor;
				CODE_SIGN_ENTITLEMENTS = AgenticSeek/AgenticSeek.entitlements;
				"CODE_SIGN_IDENTITY[sdk=macosx*]" = "Apple Development";
				CODE_SIGN_STYLE = Automatic;
				COMBINE_HIDPI_IMAGES = YES;
				CURRENT_PROJECT_VERSION = 1;
				DEAD_CODE_STRIPPING = YES;
				DEVELOPMENT_ASSET_PATHS = "\"AgenticSeek/Preview Content\"";
				ENABLE_PREVIEWS = YES;
				GENERATE_INFOPLIST_FILE = YES;
				INFOPLIST_FILE = AgenticSeek/Info.plist;
				INFOPLIST_KEY_CFBundleDisplayName = AgenticSeek;
				INFOPLIST_KEY_LSApplicationCategoryType = "public.app-category.productivity";
				INFOPLIST_KEY_NSHumanReadableCopyright = "Copyright © 2025 AgenticSeek. All rights reserved.";
				INFOPLIST_KEY_NSMainStoryboardFile = "";
				INFOPLIST_KEY_NSPrincipalClass = NSApplication;
				LD_RUNPATH_SEARCH_PATHS = (
					"$(inherited)",
					"@executable_path/../Frameworks",
				);
				MARKETING_VERSION = 1.0;
				PRODUCT_BUNDLE_IDENTIFIER = com.ablankcanvas.agenticseek;
				PRODUCT_NAME = "$(TARGET_NAME)";
				SWIFT_EMIT_LOC_STRINGS = YES;
				SWIFT_VERSION = 5.0;
			};
			name = Debug;
		};
		E52D5EA72C5B1A0000000001 /* Release */ = {
			isa = XCBuildConfiguration;
			buildSettings = {
				ASSETCATALOG_COMPILER_APPICON_NAME = AppIcon;
				ASSETCATALOG_COMPILER_GLOBAL_ACCENT_COLOR_NAME = AccentColor;
				CODE_SIGN_ENTITLEMENTS = AgenticSeek/AgenticSeek.entitlements;
				"CODE_SIGN_IDENTITY[sdk=macosx*]" = "Apple Development";
				CODE_SIGN_STYLE = Automatic;
				COMBINE_HIDPI_IMAGES = YES;
				CURRENT_PROJECT_VERSION = 1;
				DEAD_CODE_STRIPPING = YES;
				DEVELOPMENT_ASSET_PATHS = "\"AgenticSeek/Preview Content\"";
				ENABLE_PREVIEWS = YES;
				GENERATE_INFOPLIST_FILE = YES;
				INFOPLIST_FILE = AgenticSeek/Info.plist;
				INFOPLIST_KEY_CFBundleDisplayName = AgenticSeek;
				INFOPLIST_KEY_LSApplicationCategoryType = "public.app-category.productivity";
				INFOPLIST_KEY_NSHumanReadableCopyright = "Copyright © 2025 AgenticSeek. All rights reserved.";
				INFOPLIST_KEY_NSMainStoryboardFile = "";
				INFOPLIST_KEY_NSPrincipalClass = NSApplication;
				LD_RUNPATH_SEARCH_PATHS = (
					"$(inherited)",
					"@executable_path/../Frameworks",
				);
				MARKETING_VERSION = 1.0;
				PRODUCT_BUNDLE_IDENTIFIER = com.ablankcanvas.agenticseek;
				PRODUCT_NAME = "$(TARGET_NAME)";
				SWIFT_EMIT_LOC_STRINGS = YES;
				SWIFT_VERSION = 5.0;
			};
			name = Release;
		};
/* End XCBuildConfiguration section */

/* Begin XCConfigurationList section */
		E52D5E912C5B1A0000000001 /* Build configuration list for PBXProject "Sandbox-AgenticSeek" */ = {
			isa = XCConfigurationList;
			buildConfigurations = (
				E52D5EA32C5B1A0000000001 /* Debug */,
				E52D5EA42C5B1A0000000001 /* Release */,
			);
			defaultConfigurationIsVisible = 0;
			defaultConfigurationName = Release;
		};
		E52D5EA52C5B1A0000000001 /* Build configuration list for PBXNativeTarget "AgenticSeek" */ = {
			isa = XCConfigurationList;
			buildConfigurations = (
				E52D5EA62C5B1A0000000001 /* Debug */,
				E52D5EA72C5B1A0000000001 /* Release */,
			);
			defaultConfigurationIsVisible = 0;
			defaultConfigurationName = Release;
		};
/* End XCConfigurationList section */
	};
	rootObject = E52D5E8E2C5B1A0000000001 /* Project object */;
}
